PODS:
  - RevealingSplashView (0.6.0)
  - SwiftyJSON (5.0.0)

DEPENDENCIES:
  - RevealingSplashView (from `https://github.com/djk12587/RevealingSplashView.git`, branch `master`)
  - SwiftyJSON

SPEC REPOS:
  https://github.com/cocoapods/specs.git:
    - SwiftyJSON

EXTERNAL SOURCES:
  RevealingSplashView:
    :branch: master
    :git: https://github.com/djk12587/RevealingSplashView.git

CHECKOUT OPTIONS:
  RevealingSplashView:
    :commit: c096a72118258363ab8da03ea94efc00281ec691
    :git: https://github.com/djk12587/RevealingSplashView.git

SPEC CHECKSUMS:
  RevealingSplashView: 4db6bfd0800a1f4f8e5ad87ce5cdf3d276cd19cf
  SwiftyJSON: 36413e04c44ee145039d332b4f4e2d3e8d6c4db7

PODFILE CHECKSUM: 0798ff32ae5524e865048c862f9b38de55211891

COCOAPODS: 1.7.1
