PODS:
  - RevealingSplashView (0.9.0)
  - SwiftyJSON (5.0.1)

DEPENDENCIES:
  - RevealingSplashView (from `https://github.com/PiXeL16/RevealingSplashView.git`, branch `master`)
  - SwiftyJSON

SPEC REPOS:
  https://github.com/CocoaPods/Specs.git:
    - SwiftyJSON

EXTERNAL SOURCES:
  RevealingSplashView:
    :branch: master
    :git: https://github.com/PiXeL16/RevealingSplashView.git

CHECKOUT OPTIONS:
  RevealingSplashView:
    :commit: eb8f2b40313850d242294f447634e65a5ee91aa7
    :git: https://github.com/PiXeL16/RevealingSplashView.git

SPEC CHECKSUMS:
  RevealingSplashView: 84771867eddc18612f2f3c998d947d40c36e7c52
  SwiftyJSON: 2f33a42c6fbc52764d96f13368585094bfd8aa5e

PODFILE CHECKSUM: 8967e3bb424c51f202e9c22859f78ee1662f7342

COCOAPODS: 1.12.1
