// !$*UTF8*$!
{
	archiveVersion = 1;
	classes = {
	};
	objectVersion = 46;
	objects = {

/* Begin PBXBuildFile section */
		1169DAA1A29FDF4CE8B918AD /* Pods_SwordsExpress.framework in Frameworks */ = {isa = PBXBuildFile; fileRef = 770DE79BB32BD9A46A00C342 /* Pods_SwordsExpress.framework */; };
		3D0A170F1F2E4D100051E4F3 /* AppDelegate.swift in Sources */ = {isa = PBXBuildFile; fileRef = 3D0A170E1F2E4D100051E4F3 /* AppDelegate.swift */; };
		3D0A17111F2E4D100051E4F3 /* LiveViewController.swift in Sources */ = {isa = PBXBuildFile; fileRef = 3D0A17101F2E4D100051E4F3 /* LiveViewController.swift */; };
		3D0A17131F2E4D100051E4F3 /* FareViewController.swift in Sources */ = {isa = PBXBuildFile; fileRef = 3D0A17121F2E4D100051E4F3 /* FareViewController.swift */; };
		3D0A17161F2E4D100051E4F3 /* Main.storyboard in Resources */ = {isa = PBXBuildFile; fileRef = 3D0A17141F2E4D100051E4F3 /* Main.storyboard */; };
		3D0A17181F2E4D100051E4F3 /* Assets.xcassets in Resources */ = {isa = PBXBuildFile; fileRef = 3D0A17171F2E4D100051E4F3 /* Assets.xcassets */; };
		3D0A171B1F2E4D100051E4F3 /* LaunchScreen.storyboard in Resources */ = {isa = PBXBuildFile; fileRef = 3D0A17191F2E4D100051E4F3 /* LaunchScreen.storyboard */; };
		3D0A17261F2E4D100051E4F3 /* SwordsExpressTests.swift in Sources */ = {isa = PBXBuildFile; fileRef = 3D0A17251F2E4D100051E4F3 /* SwordsExpressTests.swift */; };
		3D0A17311F2E4D100051E4F3 /* SwordsExpressUITests.swift in Sources */ = {isa = PBXBuildFile; fileRef = 3D0A17301F2E4D100051E4F3 /* SwordsExpressUITests.swift */; };
		3D0A173F1F2E4D730051E4F3 /* DataManager.swift in Sources */ = {isa = PBXBuildFile; fileRef = 3D0A173E1F2E4D730051E4F3 /* DataManager.swift */; };
		3D0A17441F2E609E0051E4F3 /* SwiftyJSON.framework in Frameworks */ = {isa = PBXBuildFile; fileRef = 3D0A17431F2E609E0051E4F3 /* SwiftyJSON.framework */; };
		3D0A17461F2E61260051E4F3 /* Models.swift in Sources */ = {isa = PBXBuildFile; fileRef = 3D0A17451F2E61260051E4F3 /* Models.swift */; };
		3D0B30201F8321320047F658 /* SwordsCityMonFri.json in Resources */ = {isa = PBXBuildFile; fileRef = 3D0B301F1F8321320047F658 /* SwordsCityMonFri.json */; };
		3D0BC0D11F40CAD200996DCF /* SwordsCitySat.json in Resources */ = {isa = PBXBuildFile; fileRef = 3D0BC0CE1F40CAD200996DCF /* SwordsCitySat.json */; };
		3D242B2D1F3142EC0040908C /* Fares.swift in Sources */ = {isa = PBXBuildFile; fileRef = 3D242B2C1F3142EC0040908C /* Fares.swift */; };
		3D261BAC1F83C54C00CAFC5D /* SwordsCitySun.json in Resources */ = {isa = PBXBuildFile; fileRef = 3D261BAB1F83C54C00CAFC5D /* SwordsCitySun.json */; };
		3D261BAE1F83CBE300CAFC5D /* CitySwordsMonFri.json in Resources */ = {isa = PBXBuildFile; fileRef = 3D261BAD1F83CBE300CAFC5D /* CitySwordsMonFri.json */; };
		3D261BB01F83CEF900CAFC5D /* CitySwordsSat.json in Resources */ = {isa = PBXBuildFile; fileRef = 3D261BAF1F83CEF900CAFC5D /* CitySwordsSat.json */; };
		3D261BB21F83CF0600CAFC5D /* CitySwordsSun.json in Resources */ = {isa = PBXBuildFile; fileRef = 3D261BB11F83CF0600CAFC5D /* CitySwordsSun.json */; };
		3D2A7F922083A58000E522B1 /* GoogleService-Info.plist in Resources */ = {isa = PBXBuildFile; fileRef = 3D2A7F912083A57F00E522B1 /* GoogleService-Info.plist */; };
		3D3E3C38209F0EE600802E66 /* MKPolyline+Ext.swift in Sources */ = {isa = PBXBuildFile; fileRef = 3D3E3C37209F0EE600802E66 /* MKPolyline+Ext.swift */; };
		3D3E3C3A209F1E0600802E66 /* Routes.swift in Sources */ = {isa = PBXBuildFile; fileRef = 3D3E3C39209F1E0600802E66 /* Routes.swift */; };
		3D40167F1F44B8FB00F5DA93 /* InformationTableViewController.swift in Sources */ = {isa = PBXBuildFile; fileRef = 3D40167E1F44B8FB00F5DA93 /* InformationTableViewController.swift */; };
		3D5B42DB1F729FC50086F3ED /* RevealingSplashView.framework in Frameworks */ = {isa = PBXBuildFile; fileRef = 3D5B42DC1F729FC50086F3ED /* RevealingSplashView.framework */; };
		3D5B42DE1F72D46A0086F3ED /* LegalViewController.swift in Sources */ = {isa = PBXBuildFile; fileRef = 3D5B42DD1F72D46A0086F3ED /* LegalViewController.swift */; };
		3D8DDCF81FB8EB4400119CA6 /* Stops.swift in Sources */ = {isa = PBXBuildFile; fileRef = 3D8DDCF71FB8EB4400119CA6 /* Stops.swift */; };
		3D9D7EBE1F47C5C80066238F /* StopListViewController.swift in Sources */ = {isa = PBXBuildFile; fileRef = 3D9D7EBD1F47C5C80066238F /* StopListViewController.swift */; };
		3D9D7EC01F47C8A90066238F /* StopListTableViewCell.swift in Sources */ = {isa = PBXBuildFile; fileRef = 3D9D7EBF1F47C8A90066238F /* StopListTableViewCell.swift */; };
		3DB37DAF1F4F08200041F9AB /* Whisper.framework in Frameworks */ = {isa = PBXBuildFile; fileRef = 3DB37DAE1F4F08200041F9AB /* Whisper.framework */; };
		3DBAAF3A1F702EEA008C8C0B /* FareTableViewCell.swift in Sources */ = {isa = PBXBuildFile; fileRef = 3DBAAF391F702EEA008C8C0B /* FareTableViewCell.swift */; };
		3DF976AB1F71500900B75CF9 /* TimetableViewController.swift in Sources */ = {isa = PBXBuildFile; fileRef = 3DF976AA1F71500900B75CF9 /* TimetableViewController.swift */; };
		3DF976AD1F71555A00B75CF9 /* TimetableStopsViewController.swift in Sources */ = {isa = PBXBuildFile; fileRef = 3DF976AC1F71555A00B75CF9 /* TimetableStopsViewController.swift */; };
		B6084050EEEDDE27A5F0FCB3 /* Pods_SwordsExpressTests.framework in Frameworks */ = {isa = PBXBuildFile; fileRef = DD6A3F03C0852EFA0944AB88 /* Pods_SwordsExpressTests.framework */; };
/* End PBXBuildFile section */

/* Begin PBXContainerItemProxy section */
		3D0A17221F2E4D100051E4F3 /* PBXContainerItemProxy */ = {
			isa = PBXContainerItemProxy;
			containerPortal = 3D0A17031F2E4D100051E4F3 /* Project object */;
			proxyType = 1;
			remoteGlobalIDString = 3D0A170A1F2E4D100051E4F3;
			remoteInfo = SwordsExpress;
		};
		3D0A172D1F2E4D100051E4F3 /* PBXContainerItemProxy */ = {
			isa = PBXContainerItemProxy;
			containerPortal = 3D0A17031F2E4D100051E4F3 /* Project object */;
			proxyType = 1;
			remoteGlobalIDString = 3D0A170A1F2E4D100051E4F3;
			remoteInfo = SwordsExpress;
		};
/* End PBXContainerItemProxy section */

/* Begin PBXCopyFilesBuildPhase section */
		3D9D7E751F4714230066238F /* Embed App Extensions */ = {
			isa = PBXCopyFilesBuildPhase;
			buildActionMask = 2147483647;
			dstPath = "";
			dstSubfolderSpec = 13;
			files = (
			);
			name = "Embed App Extensions";
			runOnlyForDeploymentPostprocessing = 0;
		};
		3D9D7EA51F472B1A0066238F /* Embed Watch Content */ = {
			isa = PBXCopyFilesBuildPhase;
			buildActionMask = 2147483647;
			dstPath = "$(CONTENTS_FOLDER_PATH)/Watch";
			dstSubfolderSpec = 16;
			files = (
			);
			name = "Embed Watch Content";
			runOnlyForDeploymentPostprocessing = 0;
		};
/* End PBXCopyFilesBuildPhase section */

/* Begin PBXFileReference section */
		18F373DB98E92E96428B2EA2 /* Pods-SwordsExpressTests.debug.xcconfig */ = {isa = PBXFileReference; includeInIndex = 1; lastKnownFileType = text.xcconfig; name = "Pods-SwordsExpressTests.debug.xcconfig"; path = "Pods/Target Support Files/Pods-SwordsExpressTests/Pods-SwordsExpressTests.debug.xcconfig"; sourceTree = "<group>"; };
		298EE8CE573B596791667DCF /* Pods-Swords Express Watch Extension.release.xcconfig */ = {isa = PBXFileReference; includeInIndex = 1; lastKnownFileType = text.xcconfig; name = "Pods-Swords Express Watch Extension.release.xcconfig"; path = "Pods/Target Support Files/Pods-Swords Express Watch Extension/Pods-Swords Express Watch Extension.release.xcconfig"; sourceTree = "<group>"; };
		3C4158E7D3F95D817CE08944 /* Pods-SwordsExpress.debug.xcconfig */ = {isa = PBXFileReference; includeInIndex = 1; lastKnownFileType = text.xcconfig; name = "Pods-SwordsExpress.debug.xcconfig"; path = "Pods/Target Support Files/Pods-SwordsExpress/Pods-SwordsExpress.debug.xcconfig"; sourceTree = "<group>"; };
		3D0A170B1F2E4D100051E4F3 /* SwordsExpress.app */ = {isa = PBXFileReference; explicitFileType = wrapper.application; includeInIndex = 0; path = SwordsExpress.app; sourceTree = BUILT_PRODUCTS_DIR; };
		3D0A170E1F2E4D100051E4F3 /* AppDelegate.swift */ = {isa = PBXFileReference; lastKnownFileType = sourcecode.swift; path = AppDelegate.swift; sourceTree = "<group>"; };
		3D0A17101F2E4D100051E4F3 /* LiveViewController.swift */ = {isa = PBXFileReference; lastKnownFileType = sourcecode.swift; path = LiveViewController.swift; sourceTree = "<group>"; };
		3D0A17121F2E4D100051E4F3 /* FareViewController.swift */ = {isa = PBXFileReference; lastKnownFileType = sourcecode.swift; path = FareViewController.swift; sourceTree = "<group>"; };
		3D0A17151F2E4D100051E4F3 /* Base */ = {isa = PBXFileReference; lastKnownFileType = file.storyboard; name = Base; path = Base.lproj/Main.storyboard; sourceTree = "<group>"; };
		3D0A17171F2E4D100051E4F3 /* Assets.xcassets */ = {isa = PBXFileReference; lastKnownFileType = folder.assetcatalog; path = Assets.xcassets; sourceTree = "<group>"; };
		3D0A171A1F2E4D100051E4F3 /* Base */ = {isa = PBXFileReference; lastKnownFileType = file.storyboard; name = Base; path = Base.lproj/LaunchScreen.storyboard; sourceTree = "<group>"; };
		3D0A171C1F2E4D100051E4F3 /* Info.plist */ = {isa = PBXFileReference; lastKnownFileType = text.plist.xml; path = Info.plist; sourceTree = "<group>"; };
		3D0A17211F2E4D100051E4F3 /* SwordsExpressTests.xctest */ = {isa = PBXFileReference; explicitFileType = wrapper.cfbundle; includeInIndex = 0; path = SwordsExpressTests.xctest; sourceTree = BUILT_PRODUCTS_DIR; };
		3D0A17251F2E4D100051E4F3 /* SwordsExpressTests.swift */ = {isa = PBXFileReference; lastKnownFileType = sourcecode.swift; path = SwordsExpressTests.swift; sourceTree = "<group>"; };
		3D0A17271F2E4D100051E4F3 /* Info.plist */ = {isa = PBXFileReference; lastKnownFileType = text.plist.xml; path = Info.plist; sourceTree = "<group>"; };
		3D0A172C1F2E4D100051E4F3 /* SwordsExpressUITests.xctest */ = {isa = PBXFileReference; explicitFileType = wrapper.cfbundle; includeInIndex = 0; path = SwordsExpressUITests.xctest; sourceTree = BUILT_PRODUCTS_DIR; };
		3D0A17301F2E4D100051E4F3 /* SwordsExpressUITests.swift */ = {isa = PBXFileReference; lastKnownFileType = sourcecode.swift; path = SwordsExpressUITests.swift; sourceTree = "<group>"; };
		3D0A17321F2E4D100051E4F3 /* Info.plist */ = {isa = PBXFileReference; lastKnownFileType = text.plist.xml; path = Info.plist; sourceTree = "<group>"; };
		3D0A173E1F2E4D730051E4F3 /* DataManager.swift */ = {isa = PBXFileReference; fileEncoding = 4; lastKnownFileType = sourcecode.swift; path = DataManager.swift; sourceTree = "<group>"; };
		3D0A17431F2E609E0051E4F3 /* SwiftyJSON.framework */ = {isa = PBXFileReference; lastKnownFileType = wrapper.framework; name = SwiftyJSON.framework; path = "Pods/../build/Debug-iphoneos/SwiftyJSON/SwiftyJSON.framework"; sourceTree = "<group>"; };
		3D0A17451F2E61260051E4F3 /* Models.swift */ = {isa = PBXFileReference; fileEncoding = 4; lastKnownFileType = sourcecode.swift; path = Models.swift; sourceTree = "<group>"; };
		3D0B301F1F8321320047F658 /* SwordsCityMonFri.json */ = {isa = PBXFileReference; lastKnownFileType = text.json; path = SwordsCityMonFri.json; sourceTree = "<group>"; };
		3D0BC0CE1F40CAD200996DCF /* SwordsCitySat.json */ = {isa = PBXFileReference; fileEncoding = 4; lastKnownFileType = text.json; path = SwordsCitySat.json; sourceTree = "<group>"; };
		3D242B2C1F3142EC0040908C /* Fares.swift */ = {isa = PBXFileReference; fileEncoding = 4; lastKnownFileType = sourcecode.swift; path = Fares.swift; sourceTree = "<group>"; };
		3D261BAB1F83C54C00CAFC5D /* SwordsCitySun.json */ = {isa = PBXFileReference; lastKnownFileType = text.json; path = SwordsCitySun.json; sourceTree = "<group>"; };
		3D261BAD1F83CBE300CAFC5D /* CitySwordsMonFri.json */ = {isa = PBXFileReference; lastKnownFileType = text.json; path = CitySwordsMonFri.json; sourceTree = "<group>"; };
		3D261BAF1F83CEF900CAFC5D /* CitySwordsSat.json */ = {isa = PBXFileReference; lastKnownFileType = text.json; path = CitySwordsSat.json; sourceTree = "<group>"; };
		3D261BB11F83CF0600CAFC5D /* CitySwordsSun.json */ = {isa = PBXFileReference; lastKnownFileType = text.json; path = CitySwordsSun.json; sourceTree = "<group>"; };
		3D2A7F912083A57F00E522B1 /* GoogleService-Info.plist */ = {isa = PBXFileReference; fileEncoding = 4; lastKnownFileType = text.plist.xml; path = "GoogleService-Info.plist"; sourceTree = "<group>"; };
		3D3E3C37209F0EE600802E66 /* MKPolyline+Ext.swift */ = {isa = PBXFileReference; lastKnownFileType = sourcecode.swift; path = "MKPolyline+Ext.swift"; sourceTree = "<group>"; };
		3D3E3C39209F1E0600802E66 /* Routes.swift */ = {isa = PBXFileReference; lastKnownFileType = sourcecode.swift; path = Routes.swift; sourceTree = "<group>"; };
		3D40167E1F44B8FB00F5DA93 /* InformationTableViewController.swift */ = {isa = PBXFileReference; fileEncoding = 4; lastKnownFileType = sourcecode.swift; path = InformationTableViewController.swift; sourceTree = "<group>"; };
		3D5B42DA1F729FB20086F3ED /* RevealingSplashView.framework */ = {isa = PBXFileReference; explicitFileType = wrapper.framework; path = RevealingSplashView.framework; sourceTree = BUILT_PRODUCTS_DIR; };
		3D5B42DC1F729FC50086F3ED /* RevealingSplashView.framework */ = {isa = PBXFileReference; explicitFileType = wrapper.framework; path = RevealingSplashView.framework; sourceTree = BUILT_PRODUCTS_DIR; };
		3D5B42DD1F72D46A0086F3ED /* LegalViewController.swift */ = {isa = PBXFileReference; lastKnownFileType = sourcecode.swift; path = LegalViewController.swift; sourceTree = "<group>"; };
		3D8DDCF71FB8EB4400119CA6 /* Stops.swift */ = {isa = PBXFileReference; lastKnownFileType = sourcecode.swift; path = Stops.swift; sourceTree = "<group>"; };
		3D9D7E661F4714230066238F /* NotificationCenter.framework */ = {isa = PBXFileReference; lastKnownFileType = wrapper.framework; name = NotificationCenter.framework; path = System/Library/Frameworks/NotificationCenter.framework; sourceTree = SDKROOT; };
		3D9D7E691F4714230066238F /* TodayViewController.swift */ = {isa = PBXFileReference; lastKnownFileType = sourcecode.swift; path = TodayViewController.swift; sourceTree = "<group>"; };
		3D9D7E6C1F4714230066238F /* Base */ = {isa = PBXFileReference; lastKnownFileType = file.storyboard; name = Base; path = Base.lproj/MainInterface.storyboard; sourceTree = "<group>"; };
		3D9D7E6E1F4714230066238F /* Info.plist */ = {isa = PBXFileReference; lastKnownFileType = text.plist.xml; path = Info.plist; sourceTree = "<group>"; };
		3D9D7E771F47220A0066238F /* SwiftyJSON.framework */ = {isa = PBXFileReference; lastKnownFileType = wrapper.framework; name = SwiftyJSON.framework; path = "../../Library/Developer/Xcode/DerivedData/SwordsExpress-dqfwztftmbwkcbcvabpultcdpein/Build/Products/Debug-iphonesimulator/SwiftyJSON/SwiftyJSON.framework"; sourceTree = "<group>"; };
		3D9D7E7A1F47257F0066238F /* SE Widget.entitlements */ = {isa = PBXFileReference; lastKnownFileType = text.plist.entitlements; path = "SE Widget.entitlements"; sourceTree = "<group>"; };
		3D9D7E861F472B1A0066238F /* Base */ = {isa = PBXFileReference; lastKnownFileType = file.storyboard; name = Base; path = Base.lproj/Interface.storyboard; sourceTree = "<group>"; };
		3D9D7E881F472B1A0066238F /* Assets.xcassets */ = {isa = PBXFileReference; lastKnownFileType = folder.assetcatalog; path = Assets.xcassets; sourceTree = "<group>"; };
		3D9D7E8A1F472B1A0066238F /* Info.plist */ = {isa = PBXFileReference; lastKnownFileType = text.plist.xml; path = Info.plist; sourceTree = "<group>"; };
		3D9D7E941F472B1A0066238F /* InterfaceController.swift */ = {isa = PBXFileReference; lastKnownFileType = sourcecode.swift; path = InterfaceController.swift; sourceTree = "<group>"; };
		3D9D7E961F472B1A0066238F /* ExtensionDelegate.swift */ = {isa = PBXFileReference; lastKnownFileType = sourcecode.swift; path = ExtensionDelegate.swift; sourceTree = "<group>"; };
		3D9D7E981F472B1A0066238F /* Assets.xcassets */ = {isa = PBXFileReference; lastKnownFileType = folder.assetcatalog; path = Assets.xcassets; sourceTree = "<group>"; };
		3D9D7E9A1F472B1A0066238F /* Info.plist */ = {isa = PBXFileReference; lastKnownFileType = text.plist.xml; path = Info.plist; sourceTree = "<group>"; };
		3D9D7EB61F472CEC0066238F /* Swords Express Watch Extension.entitlements */ = {isa = PBXFileReference; lastKnownFileType = text.plist.entitlements; path = "Swords Express Watch Extension.entitlements"; sourceTree = "<group>"; };
		3D9D7EB71F472CF60066238F /* Swords Express Watch.entitlements */ = {isa = PBXFileReference; lastKnownFileType = text.plist.entitlements; path = "Swords Express Watch.entitlements"; sourceTree = "<group>"; };
		3D9D7EB81F4746D30066238F /* ScheduleInterfaceController.swift */ = {isa = PBXFileReference; fileEncoding = 4; lastKnownFileType = sourcecode.swift; path = ScheduleInterfaceController.swift; sourceTree = "<group>"; };
		3D9D7EBB1F4762370066238F /* StopRowController.swift */ = {isa = PBXFileReference; fileEncoding = 4; lastKnownFileType = sourcecode.swift; path = StopRowController.swift; sourceTree = "<group>"; };
		3D9D7EBD1F47C5C80066238F /* StopListViewController.swift */ = {isa = PBXFileReference; fileEncoding = 4; lastKnownFileType = sourcecode.swift; path = StopListViewController.swift; sourceTree = "<group>"; };
		3D9D7EBF1F47C8A90066238F /* StopListTableViewCell.swift */ = {isa = PBXFileReference; fileEncoding = 4; lastKnownFileType = sourcecode.swift; path = StopListTableViewCell.swift; sourceTree = "<group>"; };
		3DB37DAE1F4F08200041F9AB /* Whisper.framework */ = {isa = PBXFileReference; lastKnownFileType = wrapper.framework; name = Whisper.framework; path = "../../Library/Developer/Xcode/DerivedData/SwordsExpress-dqfwztftmbwkcbcvabpultcdpein/Build/Products/Debug-iphonesimulator/Whisper/Whisper.framework"; sourceTree = "<group>"; };
		3DB37DB01F4FAAE00041F9AB /* SwordsExpress.entitlements */ = {isa = PBXFileReference; lastKnownFileType = text.plist.entitlements; path = SwordsExpress.entitlements; sourceTree = "<group>"; };
		3DBAAF391F702EEA008C8C0B /* FareTableViewCell.swift */ = {isa = PBXFileReference; lastKnownFileType = sourcecode.swift; path = FareTableViewCell.swift; sourceTree = "<group>"; };
		3DC30E15479B92A323A3C1CF /* Pods-SwordsExpressTests.release.xcconfig */ = {isa = PBXFileReference; includeInIndex = 1; lastKnownFileType = text.xcconfig; name = "Pods-SwordsExpressTests.release.xcconfig"; path = "Pods/Target Support Files/Pods-SwordsExpressTests/Pods-SwordsExpressTests.release.xcconfig"; sourceTree = "<group>"; };
		3DF976AA1F71500900B75CF9 /* TimetableViewController.swift */ = {isa = PBXFileReference; lastKnownFileType = sourcecode.swift; path = TimetableViewController.swift; sourceTree = "<group>"; };
		3DF976AC1F71555A00B75CF9 /* TimetableStopsViewController.swift */ = {isa = PBXFileReference; fileEncoding = 4; lastKnownFileType = sourcecode.swift; path = TimetableStopsViewController.swift; sourceTree = "<group>"; };
		61084D3F0195FB9AFA56C443 /* Pods-Swords Express Watch Extension.debug.xcconfig */ = {isa = PBXFileReference; includeInIndex = 1; lastKnownFileType = text.xcconfig; name = "Pods-Swords Express Watch Extension.debug.xcconfig"; path = "Pods/Target Support Files/Pods-Swords Express Watch Extension/Pods-Swords Express Watch Extension.debug.xcconfig"; sourceTree = "<group>"; };
		770DE79BB32BD9A46A00C342 /* Pods_SwordsExpress.framework */ = {isa = PBXFileReference; explicitFileType = wrapper.framework; includeInIndex = 0; path = Pods_SwordsExpress.framework; sourceTree = BUILT_PRODUCTS_DIR; };
		810BDACA2CA4B96F718A4AB5 /* Pods_SE_Widget.framework */ = {isa = PBXFileReference; explicitFileType = wrapper.framework; includeInIndex = 0; path = Pods_SE_Widget.framework; sourceTree = BUILT_PRODUCTS_DIR; };
		87F93132C3AE4BDA960DC223 /* Pods-SE Widget.debug.xcconfig */ = {isa = PBXFileReference; includeInIndex = 1; lastKnownFileType = text.xcconfig; name = "Pods-SE Widget.debug.xcconfig"; path = "Pods/Target Support Files/Pods-SE Widget/Pods-SE Widget.debug.xcconfig"; sourceTree = "<group>"; };
		9C8513BDFD412C748A863D3A /* Pods-SwordsExpress.release.xcconfig */ = {isa = PBXFileReference; includeInIndex = 1; lastKnownFileType = text.xcconfig; name = "Pods-SwordsExpress.release.xcconfig"; path = "Pods/Target Support Files/Pods-SwordsExpress/Pods-SwordsExpress.release.xcconfig"; sourceTree = "<group>"; };
		A433AED50B64F6FAA83FB81C /* Pods-SE Widget.release.xcconfig */ = {isa = PBXFileReference; includeInIndex = 1; lastKnownFileType = text.xcconfig; name = "Pods-SE Widget.release.xcconfig"; path = "Pods/Target Support Files/Pods-SE Widget/Pods-SE Widget.release.xcconfig"; sourceTree = "<group>"; };
		DC96C8CA4B624D80297DEB16 /* Pods_Swords_Express_Watch_Extension.framework */ = {isa = PBXFileReference; explicitFileType = wrapper.framework; includeInIndex = 0; path = Pods_Swords_Express_Watch_Extension.framework; sourceTree = BUILT_PRODUCTS_DIR; };
		DD6A3F03C0852EFA0944AB88 /* Pods_SwordsExpressTests.framework */ = {isa = PBXFileReference; explicitFileType = wrapper.framework; includeInIndex = 0; path = Pods_SwordsExpressTests.framework; sourceTree = BUILT_PRODUCTS_DIR; };
		DF3886BA929DC81A811E5774 /* Pods_Swords_Express_Watch.framework */ = {isa = PBXFileReference; explicitFileType = wrapper.framework; includeInIndex = 0; path = Pods_Swords_Express_Watch.framework; sourceTree = BUILT_PRODUCTS_DIR; };
/* End PBXFileReference section */

/* Begin PBXFrameworksBuildPhase section */
		3D0A17081F2E4D100051E4F3 /* Frameworks */ = {
			isa = PBXFrameworksBuildPhase;
			buildActionMask = 2147483647;
			files = (
				3D5B42DB1F729FC50086F3ED /* RevealingSplashView.framework in Frameworks */,
				3DB37DAF1F4F08200041F9AB /* Whisper.framework in Frameworks */,
				3D0A17441F2E609E0051E4F3 /* SwiftyJSON.framework in Frameworks */,
				1169DAA1A29FDF4CE8B918AD /* Pods_SwordsExpress.framework in Frameworks */,
			);
			runOnlyForDeploymentPostprocessing = 0;
		};
		3D0A171E1F2E4D100051E4F3 /* Frameworks */ = {
			isa = PBXFrameworksBuildPhase;
			buildActionMask = 2147483647;
			files = (
				B6084050EEEDDE27A5F0FCB3 /* Pods_SwordsExpressTests.framework in Frameworks */,
			);
			runOnlyForDeploymentPostprocessing = 0;
		};
		3D0A17291F2E4D100051E4F3 /* Frameworks */ = {
			isa = PBXFrameworksBuildPhase;
			buildActionMask = 2147483647;
			files = (
			);
			runOnlyForDeploymentPostprocessing = 0;
		};
/* End PBXFrameworksBuildPhase section */

/* Begin PBXGroup section */
		2266F9F5FD33F7867E8E62E8 /* Pods */ = {
			isa = PBXGroup;
			children = (
				3C4158E7D3F95D817CE08944 /* Pods-SwordsExpress.debug.xcconfig */,
				9C8513BDFD412C748A863D3A /* Pods-SwordsExpress.release.xcconfig */,
				87F93132C3AE4BDA960DC223 /* Pods-SE Widget.debug.xcconfig */,
				A433AED50B64F6FAA83FB81C /* Pods-SE Widget.release.xcconfig */,
				61084D3F0195FB9AFA56C443 /* Pods-Swords Express Watch Extension.debug.xcconfig */,
				298EE8CE573B596791667DCF /* Pods-Swords Express Watch Extension.release.xcconfig */,
				18F373DB98E92E96428B2EA2 /* Pods-SwordsExpressTests.debug.xcconfig */,
				3DC30E15479B92A323A3C1CF /* Pods-SwordsExpressTests.release.xcconfig */,
			);
			name = Pods;
			sourceTree = "<group>";
		};
		3D0A17021F2E4D100051E4F3 = {
			isa = PBXGroup;
			children = (
				3D0A170D1F2E4D100051E4F3 /* SwordsExpress */,
				3D0A17241F2E4D100051E4F3 /* SwordsExpressTests */,
				3D0A172F1F2E4D100051E4F3 /* SwordsExpressUITests */,
				3D9D7E681F4714230066238F /* SE Widget */,
				3D9D7E841F472B1A0066238F /* Swords Express Watch */,
				3D9D7E931F472B1A0066238F /* Swords Express Watch Extension */,
				3D0A170C1F2E4D100051E4F3 /* Products */,
				2266F9F5FD33F7867E8E62E8 /* Pods */,
				B634BD955C0CE53A2DBB47A1 /* Frameworks */,
			);
			sourceTree = "<group>";
		};
		3D0A170C1F2E4D100051E4F3 /* Products */ = {
			isa = PBXGroup;
			children = (
				3D0A170B1F2E4D100051E4F3 /* SwordsExpress.app */,
				3D0A17211F2E4D100051E4F3 /* SwordsExpressTests.xctest */,
				3D0A172C1F2E4D100051E4F3 /* SwordsExpressUITests.xctest */,
			);
			name = Products;
			sourceTree = "<group>";
		};
		3D0A170D1F2E4D100051E4F3 /* SwordsExpress */ = {
			isa = PBXGroup;
			children = (
				3D9C733F205D572A00C68FB0 /* Controllers */,
				3D5558C11FB86183003D0EC0 /* Views */,
				3D5558C01FB86114003D0EC0 /* Models */,
				3D0A170E1F2E4D100051E4F3 /* AppDelegate.swift */,
				3D0A17141F2E4D100051E4F3 /* Main.storyboard */,
				3D0B301E1F8320DB0047F658 /* Timetables */,
				3D0A17171F2E4D100051E4F3 /* Assets.xcassets */,
				3D0A17191F2E4D100051E4F3 /* LaunchScreen.storyboard */,
				3DB37DB01F4FAAE00041F9AB /* SwordsExpress.entitlements */,
				3D2A7F912083A57F00E522B1 /* GoogleService-Info.plist */,
				3D0A171C1F2E4D100051E4F3 /* Info.plist */,
				3D3E3C37209F0EE600802E66 /* MKPolyline+Ext.swift */,
			);
			path = SwordsExpress;
			sourceTree = "<group>";
		};
		3D0A17241F2E4D100051E4F3 /* SwordsExpressTests */ = {
			isa = PBXGroup;
			children = (
				3D0A17251F2E4D100051E4F3 /* SwordsExpressTests.swift */,
				3D0A17271F2E4D100051E4F3 /* Info.plist */,
			);
			path = SwordsExpressTests;
			sourceTree = "<group>";
		};
		3D0A172F1F2E4D100051E4F3 /* SwordsExpressUITests */ = {
			isa = PBXGroup;
			children = (
				3D0A17301F2E4D100051E4F3 /* SwordsExpressUITests.swift */,
				3D0A17321F2E4D100051E4F3 /* Info.plist */,
			);
			path = SwordsExpressUITests;
			sourceTree = "<group>";
		};
		3D0B301E1F8320DB0047F658 /* Timetables */ = {
			isa = PBXGroup;
			children = (
				3D0B301F1F8321320047F658 /* SwordsCityMonFri.json */,
				3D0BC0CE1F40CAD200996DCF /* SwordsCitySat.json */,
				3D261BAB1F83C54C00CAFC5D /* SwordsCitySun.json */,
				3D261BAD1F83CBE300CAFC5D /* CitySwordsMonFri.json */,
				3D261BAF1F83CEF900CAFC5D /* CitySwordsSat.json */,
				3D261BB11F83CF0600CAFC5D /* CitySwordsSun.json */,
			);
			path = Timetables;
			sourceTree = "<group>";
		};
		3D5558C01FB86114003D0EC0 /* Models */ = {
			isa = PBXGroup;
			children = (
				3D0A17451F2E61260051E4F3 /* Models.swift */,
				3D242B2C1F3142EC0040908C /* Fares.swift */,
				3D3E3C39209F1E0600802E66 /* Routes.swift */,
				3D8DDCF71FB8EB4400119CA6 /* Stops.swift */,
			);
			path = Models;
			sourceTree = "<group>";
		};
		3D5558C11FB86183003D0EC0 /* Views */ = {
			isa = PBXGroup;
			children = (
				3D5558C21FB861AF003D0EC0 /* Cells */,
				3D0A17101F2E4D100051E4F3 /* LiveViewController.swift */,
				3D40167E1F44B8FB00F5DA93 /* InformationTableViewController.swift */,
				3DF976AA1F71500900B75CF9 /* TimetableViewController.swift */,
				3DF976AC1F71555A00B75CF9 /* TimetableStopsViewController.swift */,
				3D9D7EBD1F47C5C80066238F /* StopListViewController.swift */,
				3D5B42DD1F72D46A0086F3ED /* LegalViewController.swift */,
				3D0A17121F2E4D100051E4F3 /* FareViewController.swift */,
			);
			path = Views;
			sourceTree = "<group>";
		};
		3D5558C21FB861AF003D0EC0 /* Cells */ = {
			isa = PBXGroup;
			children = (
				3D9D7EBF1F47C8A90066238F /* StopListTableViewCell.swift */,
				3DBAAF391F702EEA008C8C0B /* FareTableViewCell.swift */,
			);
			path = Cells;
			sourceTree = "<group>";
		};
		3D9C733F205D572A00C68FB0 /* Controllers */ = {
			isa = PBXGroup;
			children = (
				3D0A173E1F2E4D730051E4F3 /* DataManager.swift */,
			);
			path = Controllers;
			sourceTree = "<group>";
		};
		3D9D7E681F4714230066238F /* SE Widget */ = {
			isa = PBXGroup;
			children = (
				3D9D7E7A1F47257F0066238F /* SE Widget.entitlements */,
				3D9D7E691F4714230066238F /* TodayViewController.swift */,
				3D9D7E6B1F4714230066238F /* MainInterface.storyboard */,
				3D9D7E6E1F4714230066238F /* Info.plist */,
			);
			path = "SE Widget";
			sourceTree = "<group>";
		};
		3D9D7E841F472B1A0066238F /* Swords Express Watch */ = {
			isa = PBXGroup;
			children = (
				3D9D7EB71F472CF60066238F /* Swords Express Watch.entitlements */,
				3D9D7E851F472B1A0066238F /* Interface.storyboard */,
				3D9D7EB81F4746D30066238F /* ScheduleInterfaceController.swift */,
				3D9D7E881F472B1A0066238F /* Assets.xcassets */,
				3D9D7E8A1F472B1A0066238F /* Info.plist */,
			);
			path = "Swords Express Watch";
			sourceTree = "<group>";
		};
		3D9D7E931F472B1A0066238F /* Swords Express Watch Extension */ = {
			isa = PBXGroup;
			children = (
				3D9D7EB61F472CEC0066238F /* Swords Express Watch Extension.entitlements */,
				3D9D7E941F472B1A0066238F /* InterfaceController.swift */,
				3D9D7EBB1F4762370066238F /* StopRowController.swift */,
				3D9D7E961F472B1A0066238F /* ExtensionDelegate.swift */,
				3D9D7E981F472B1A0066238F /* Assets.xcassets */,
				3D9D7E9A1F472B1A0066238F /* Info.plist */,
			);
			path = "Swords Express Watch Extension";
			sourceTree = "<group>";
		};
		B634BD955C0CE53A2DBB47A1 /* Frameworks */ = {
			isa = PBXGroup;
			children = (
				3D5B42DC1F729FC50086F3ED /* RevealingSplashView.framework */,
				3D5B42DA1F729FB20086F3ED /* RevealingSplashView.framework */,
				3DB37DAE1F4F08200041F9AB /* Whisper.framework */,
				3D9D7E771F47220A0066238F /* SwiftyJSON.framework */,
				3D0A17431F2E609E0051E4F3 /* SwiftyJSON.framework */,
				770DE79BB32BD9A46A00C342 /* Pods_SwordsExpress.framework */,
				3D9D7E661F4714230066238F /* NotificationCenter.framework */,
				810BDACA2CA4B96F718A4AB5 /* Pods_SE_Widget.framework */,
				DF3886BA929DC81A811E5774 /* Pods_Swords_Express_Watch.framework */,
				DC96C8CA4B624D80297DEB16 /* Pods_Swords_Express_Watch_Extension.framework */,
				DD6A3F03C0852EFA0944AB88 /* Pods_SwordsExpressTests.framework */,
			);
			name = Frameworks;
			sourceTree = "<group>";
		};
/* End PBXGroup section */

/* Begin PBXNativeTarget section */
		3D0A170A1F2E4D100051E4F3 /* SwordsExpress */ = {
			isa = PBXNativeTarget;
			buildConfigurationList = 3D0A17351F2E4D100051E4F3 /* Build configuration list for PBXNativeTarget "SwordsExpress" */;
			buildPhases = (
				A945A34256EF4083A81DCDDB /* [CP] Check Pods Manifest.lock */,
				3D0A17071F2E4D100051E4F3 /* Sources */,
				3D0A17081F2E4D100051E4F3 /* Frameworks */,
				3D0A17091F2E4D100051E4F3 /* Resources */,
				A99C104BC3C85FF573E892B6 /* [CP] Embed Pods Frameworks */,
				3D9D7E751F4714230066238F /* Embed App Extensions */,
				3D9D7EA51F472B1A0066238F /* Embed Watch Content */,
				3D2A7F932083B9DC00E522B1 /* ShellScript */,
			);
			buildRules = (
			);
			dependencies = (
			);
			name = SwordsExpress;
			productName = SwordsExpress;
			productReference = 3D0A170B1F2E4D100051E4F3 /* SwordsExpress.app */;
			productType = "com.apple.product-type.application";
		};
		3D0A17201F2E4D100051E4F3 /* SwordsExpressTests */ = {
			isa = PBXNativeTarget;
			buildConfigurationList = 3D0A17381F2E4D100051E4F3 /* Build configuration list for PBXNativeTarget "SwordsExpressTests" */;
			buildPhases = (
				F6FCB4094528978B8D34CCD1 /* [CP] Check Pods Manifest.lock */,
				3D0A171D1F2E4D100051E4F3 /* Sources */,
				3D0A171E1F2E4D100051E4F3 /* Frameworks */,
				3D0A171F1F2E4D100051E4F3 /* Resources */,
				0BF8C3805FB674DD99EC550B /* [CP] Embed Pods Frameworks */,
			);
			buildRules = (
			);
			dependencies = (
				3D0A17231F2E4D100051E4F3 /* PBXTargetDependency */,
			);
			name = SwordsExpressTests;
			productName = SwordsExpressTests;
			productReference = 3D0A17211F2E4D100051E4F3 /* SwordsExpressTests.xctest */;
			productType = "com.apple.product-type.bundle.unit-test";
		};
		3D0A172B1F2E4D100051E4F3 /* SwordsExpressUITests */ = {
			isa = PBXNativeTarget;
			buildConfigurationList = 3D0A173B1F2E4D100051E4F3 /* Build configuration list for PBXNativeTarget "SwordsExpressUITests" */;
			buildPhases = (
				3D0A17281F2E4D100051E4F3 /* Sources */,
				3D0A17291F2E4D100051E4F3 /* Frameworks */,
				3D0A172A1F2E4D100051E4F3 /* Resources */,
			);
			buildRules = (
			);
			dependencies = (
				3D0A172E1F2E4D100051E4F3 /* PBXTargetDependency */,
			);
			name = SwordsExpressUITests;
			productName = SwordsExpressUITests;
			productReference = 3D0A172C1F2E4D100051E4F3 /* SwordsExpressUITests.xctest */;
			productType = "com.apple.product-type.bundle.ui-testing";
		};
/* End PBXNativeTarget section */

/* Begin PBXProject section */
		3D0A17031F2E4D100051E4F3 /* Project object */ = {
			isa = PBXProject;
			attributes = {
				LastSwiftUpdateCheck = 0830;
				LastUpgradeCheck = 0930;
				ORGANIZATIONNAME = "William O'Connor";
				TargetAttributes = {
					3D0A170A1F2E4D100051E4F3 = {
						CreatedOnToolsVersion = 8.3.3;
						DevelopmentTeam = 723568ER35;
						LastSwiftMigration = 0900;
						ProvisioningStyle = Manual;
						SystemCapabilities = {
							com.apple.ApplicationGroups.iOS = {
								enabled = 1;
							};
							com.apple.Push = {
								enabled = 1;
							};
						};
					};
					3D0A17201F2E4D100051E4F3 = {
						CreatedOnToolsVersion = 8.3.3;
						LastSwiftMigration = 0900;
						ProvisioningStyle = Automatic;
						TestTargetID = 3D0A170A1F2E4D100051E4F3;
					};
					3D0A172B1F2E4D100051E4F3 = {
						CreatedOnToolsVersion = 8.3.3;
						LastSwiftMigration = 0900;
						ProvisioningStyle = Automatic;
						TestTargetID = 3D0A170A1F2E4D100051E4F3;
					};
				};
			};
			buildConfigurationList = 3D0A17061F2E4D100051E4F3 /* Build configuration list for PBXProject "SwordsExpress" */;
			compatibilityVersion = "Xcode 3.2";
			developmentRegion = English;
			hasScannedForEncodings = 0;
			knownRegions = (
				en,
				Base,
			);
			mainGroup = 3D0A17021F2E4D100051E4F3;
			productRefGroup = 3D0A170C1F2E4D100051E4F3 /* Products */;
			projectDirPath = "";
			projectRoot = "";
			targets = (
				3D0A170A1F2E4D100051E4F3 /* SwordsExpress */,
				3D0A17201F2E4D100051E4F3 /* SwordsExpressTests */,
				3D0A172B1F2E4D100051E4F3 /* SwordsExpressUITests */,
			);
		};
/* End PBXProject section */

/* Begin PBXResourcesBuildPhase section */
		3D0A17091F2E4D100051E4F3 /* Resources */ = {
			isa = PBXResourcesBuildPhase;
			buildActionMask = 2147483647;
			files = (
				3D0A171B1F2E4D100051E4F3 /* LaunchScreen.storyboard in Resources */,
				3D261BAC1F83C54C00CAFC5D /* SwordsCitySun.json in Resources */,
				3D0A17181F2E4D100051E4F3 /* Assets.xcassets in Resources */,
				3D0B30201F8321320047F658 /* SwordsCityMonFri.json in Resources */,
				3D0A17161F2E4D100051E4F3 /* Main.storyboard in Resources */,
				3D261BB01F83CEF900CAFC5D /* CitySwordsSat.json in Resources */,
				3D261BB21F83CF0600CAFC5D /* CitySwordsSun.json in Resources */,
				3D2A7F922083A58000E522B1 /* GoogleService-Info.plist in Resources */,
				3D0BC0D11F40CAD200996DCF /* SwordsCitySat.json in Resources */,
				3D261BAE1F83CBE300CAFC5D /* CitySwordsMonFri.json in Resources */,
			);
			runOnlyForDeploymentPostprocessing = 0;
		};
		3D0A171F1F2E4D100051E4F3 /* Resources */ = {
			isa = PBXResourcesBuildPhase;
			buildActionMask = 2147483647;
			files = (
			);
			runOnlyForDeploymentPostprocessing = 0;
		};
		3D0A172A1F2E4D100051E4F3 /* Resources */ = {
			isa = PBXResourcesBuildPhase;
			buildActionMask = 2147483647;
			files = (
			);
			runOnlyForDeploymentPostprocessing = 0;
		};
/* End PBXResourcesBuildPhase section */

/* Begin PBXShellScriptBuildPhase section */
		0BF8C3805FB674DD99EC550B /* [CP] Embed Pods Frameworks */ = {
			isa = PBXShellScriptBuildPhase;
			buildActionMask = 2147483647;
			files = (
			);
			inputPaths = (
				"${SRCROOT}/Pods/Target Support Files/Pods-SwordsExpressTests/Pods-SwordsExpressTests-frameworks.sh",
				"${BUILT_PRODUCTS_DIR}/GoogleToolboxForMac-Defines-NSData+zlib/GoogleToolboxForMac.framework",
				"${BUILT_PRODUCTS_DIR}/nanopb/nanopb.framework",
			);
			name = "[CP] Embed Pods Frameworks";
			outputPaths = (
				"${TARGET_BUILD_DIR}/${FRAMEWORKS_FOLDER_PATH}/GoogleToolboxForMac.framework",
				"${TARGET_BUILD_DIR}/${FRAMEWORKS_FOLDER_PATH}/nanopb.framework",
			);
			runOnlyForDeploymentPostprocessing = 0;
			shellPath = /bin/sh;
			shellScript = "\"${SRCROOT}/Pods/Target Support Files/Pods-SwordsExpressTests/Pods-SwordsExpressTests-frameworks.sh\"\n";
			showEnvVarsInLog = 0;
		};
		3D2A7F932083B9DC00E522B1 /* ShellScript */ = {
			isa = PBXShellScriptBuildPhase;
			buildActionMask = 2147483647;
			files = (
			);
			inputPaths = (
			);
			outputPaths = (
			);
			runOnlyForDeploymentPostprocessing = 0;
			shellPath = /bin/sh;
			shellScript = "\"${PODS_ROOT}/Fabric/run\"";
		};
		A945A34256EF4083A81DCDDB /* [CP] Check Pods Manifest.lock */ = {
			isa = PBXShellScriptBuildPhase;
			buildActionMask = 2147483647;
			files = (
			);
			inputPaths = (
				"${PODS_PODFILE_DIR_PATH}/Podfile.lock",
				"${PODS_ROOT}/Manifest.lock",
			);
			name = "[CP] Check Pods Manifest.lock";
			outputPaths = (
				"$(DERIVED_FILE_DIR)/Pods-SwordsExpress-checkManifestLockResult.txt",
			);
			runOnlyForDeploymentPostprocessing = 0;
			shellPath = /bin/sh;
			shellScript = "diff \"${PODS_PODFILE_DIR_PATH}/Podfile.lock\" \"${PODS_ROOT}/Manifest.lock\" > /dev/null\nif [ $? != 0 ] ; then\n    # print error to STDERR\n    echo \"error: The sandbox is not in sync with the Podfile.lock. Run 'pod install' or update your CocoaPods installation.\" >&2\n    exit 1\nfi\n# This output is used by Xcode 'outputs' to avoid re-running this script phase.\necho \"SUCCESS\" > \"${SCRIPT_OUTPUT_FILE_0}\"\n";
			showEnvVarsInLog = 0;
		};
		A99C104BC3C85FF573E892B6 /* [CP] Embed Pods Frameworks */ = {
			isa = PBXShellScriptBuildPhase;
			buildActionMask = 2147483647;
			files = (
			);
			inputPaths = (
				"${SRCROOT}/Pods/Target Support Files/Pods-SwordsExpress/Pods-SwordsExpress-frameworks.sh",
				"${BUILT_PRODUCTS_DIR}/GoogleToolboxForMac-Defines-Logger-NSData+zlib/GoogleToolboxForMac.framework",
				"${BUILT_PRODUCTS_DIR}/Protobuf/Protobuf.framework",
				"${BUILT_PRODUCTS_DIR}/RevealingSplashView/RevealingSplashView.framework",
				"${BUILT_PRODUCTS_DIR}/SwiftyJSON/SwiftyJSON.framework",
				"${BUILT_PRODUCTS_DIR}/Whisper/Whisper.framework",
				"${BUILT_PRODUCTS_DIR}/nanopb/nanopb.framework",
			);
			name = "[CP] Embed Pods Frameworks";
			outputPaths = (
				"${TARGET_BUILD_DIR}/${FRAMEWORKS_FOLDER_PATH}/GoogleToolboxForMac.framework",
				"${TARGET_BUILD_DIR}/${FRAMEWORKS_FOLDER_PATH}/Protobuf.framework",
				"${TARGET_BUILD_DIR}/${FRAMEWORKS_FOLDER_PATH}/RevealingSplashView.framework",
				"${TARGET_BUILD_DIR}/${FRAMEWORKS_FOLDER_PATH}/SwiftyJSON.framework",
				"${TARGET_BUILD_DIR}/${FRAMEWORKS_FOLDER_PATH}/Whisper.framework",
				"${TARGET_BUILD_DIR}/${FRAMEWORKS_FOLDER_PATH}/nanopb.framework",
			);
			runOnlyForDeploymentPostprocessing = 0;
			shellPath = /bin/sh;
			shellScript = "\"${SRCROOT}/Pods/Target Support Files/Pods-SwordsExpress/Pods-SwordsExpress-frameworks.sh\"\n";
			showEnvVarsInLog = 0;
		};
		F6FCB4094528978B8D34CCD1 /* [CP] Check Pods Manifest.lock */ = {
			isa = PBXShellScriptBuildPhase;
			buildActionMask = 2147483647;
			files = (
			);
			inputPaths = (
				"${PODS_PODFILE_DIR_PATH}/Podfile.lock",
				"${PODS_ROOT}/Manifest.lock",
			);
			name = "[CP] Check Pods Manifest.lock";
			outputPaths = (
				"$(DERIVED_FILE_DIR)/Pods-SwordsExpressTests-checkManifestLockResult.txt",
			);
			runOnlyForDeploymentPostprocessing = 0;
			shellPath = /bin/sh;
			shellScript = "diff \"${PODS_PODFILE_DIR_PATH}/Podfile.lock\" \"${PODS_ROOT}/Manifest.lock\" > /dev/null\nif [ $? != 0 ] ; then\n    # print error to STDERR\n    echo \"error: The sandbox is not in sync with the Podfile.lock. Run 'pod install' or update your CocoaPods installation.\" >&2\n    exit 1\nfi\n# This output is used by Xcode 'outputs' to avoid re-running this script phase.\necho \"SUCCESS\" > \"${SCRIPT_OUTPUT_FILE_0}\"\n";
			showEnvVarsInLog = 0;
		};
/* End PBXShellScriptBuildPhase section */

/* Begin PBXSourcesBuildPhase section */
		3D0A17071F2E4D100051E4F3 /* Sources */ = {
			isa = PBXSourcesBuildPhase;
			buildActionMask = 2147483647;
			files = (
				3D242B2D1F3142EC0040908C /* Fares.swift in Sources */,
				3D5B42DE1F72D46A0086F3ED /* LegalViewController.swift in Sources */,
				3D0A17131F2E4D100051E4F3 /* FareViewController.swift in Sources */,
				3D0A173F1F2E4D730051E4F3 /* DataManager.swift in Sources */,
				3D40167F1F44B8FB00F5DA93 /* InformationTableViewController.swift in Sources */,
				3D0A170F1F2E4D100051E4F3 /* AppDelegate.swift in Sources */,
				3DF976AD1F71555A00B75CF9 /* TimetableStopsViewController.swift in Sources */,
				3D0A17111F2E4D100051E4F3 /* LiveViewController.swift in Sources */,
				3D8DDCF81FB8EB4400119CA6 /* Stops.swift in Sources */,
				3D3E3C3A209F1E0600802E66 /* Routes.swift in Sources */,
				3D9D7EBE1F47C5C80066238F /* StopListViewController.swift in Sources */,
				3D0A17461F2E61260051E4F3 /* Models.swift in Sources */,
				3D9D7EC01F47C8A90066238F /* StopListTableViewCell.swift in Sources */,
				3DF976AB1F71500900B75CF9 /* TimetableViewController.swift in Sources */,
				3DBAAF3A1F702EEA008C8C0B /* FareTableViewCell.swift in Sources */,
				3D3E3C38209F0EE600802E66 /* MKPolyline+Ext.swift in Sources */,
			);
			runOnlyForDeploymentPostprocessing = 0;
		};
		3D0A171D1F2E4D100051E4F3 /* Sources */ = {
			isa = PBXSourcesBuildPhase;
			buildActionMask = 2147483647;
			files = (
				3D0A17261F2E4D100051E4F3 /* SwordsExpressTests.swift in Sources */,
			);
			runOnlyForDeploymentPostprocessing = 0;
		};
		3D0A17281F2E4D100051E4F3 /* Sources */ = {
			isa = PBXSourcesBuildPhase;
			buildActionMask = 2147483647;
			files = (
				3D0A17311F2E4D100051E4F3 /* SwordsExpressUITests.swift in Sources */,
			);
			runOnlyForDeploymentPostprocessing = 0;
		};
/* End PBXSourcesBuildPhase section */

/* Begin PBXTargetDependency section */
		3D0A17231F2E4D100051E4F3 /* PBXTargetDependency */ = {
			isa = PBXTargetDependency;
			target = 3D0A170A1F2E4D100051E4F3 /* SwordsExpress */;
			targetProxy = 3D0A17221F2E4D100051E4F3 /* PBXContainerItemProxy */;
		};
		3D0A172E1F2E4D100051E4F3 /* PBXTargetDependency */ = {
			isa = PBXTargetDependency;
			target = 3D0A170A1F2E4D100051E4F3 /* SwordsExpress */;
			targetProxy = 3D0A172D1F2E4D100051E4F3 /* PBXContainerItemProxy */;
		};
/* End PBXTargetDependency section */

/* Begin PBXVariantGroup section */
		3D0A17141F2E4D100051E4F3 /* Main.storyboard */ = {
			isa = PBXVariantGroup;
			children = (
				3D0A17151F2E4D100051E4F3 /* Base */,
			);
			name = Main.storyboard;
			sourceTree = "<group>";
		};
		3D0A17191F2E4D100051E4F3 /* LaunchScreen.storyboard */ = {
			isa = PBXVariantGroup;
			children = (
				3D0A171A1F2E4D100051E4F3 /* Base */,
			);
			name = LaunchScreen.storyboard;
			sourceTree = "<group>";
		};
		3D9D7E6B1F4714230066238F /* MainInterface.storyboard */ = {
			isa = PBXVariantGroup;
			children = (
				3D9D7E6C1F4714230066238F /* Base */,
			);
			name = MainInterface.storyboard;
			sourceTree = "<group>";
		};
		3D9D7E851F472B1A0066238F /* Interface.storyboard */ = {
			isa = PBXVariantGroup;
			children = (
				3D9D7E861F472B1A0066238F /* Base */,
			);
			name = Interface.storyboard;
			sourceTree = "<group>";
		};
/* End PBXVariantGroup section */

/* Begin XCBuildConfiguration section */
		3D0A17331F2E4D100051E4F3 /* Debug */ = {
			isa = XCBuildConfiguration;
			buildSettings = {
				ALWAYS_SEARCH_USER_PATHS = NO;
				CLANG_ANALYZER_NONNULL = YES;
				CLANG_ANALYZER_NUMBER_OBJECT_CONVERSION = YES_AGGRESSIVE;
				CLANG_CXX_LANGUAGE_STANDARD = "gnu++0x";
				CLANG_CXX_LIBRARY = "libc++";
				CLANG_ENABLE_MODULES = YES;
				CLANG_ENABLE_OBJC_ARC = YES;
				CLANG_WARN_BLOCK_CAPTURE_AUTORELEASING = YES;
				CLANG_WARN_BOOL_CONVERSION = YES;
				CLANG_WARN_COMMA = YES;
				CLANG_WARN_CONSTANT_CONVERSION = YES;
				CLANG_WARN_DEPRECATED_OBJC_IMPLEMENTATIONS = YES;
				CLANG_WARN_DIRECT_OBJC_ISA_USAGE = YES_ERROR;
				CLANG_WARN_DOCUMENTATION_COMMENTS = YES;
				CLANG_WARN_EMPTY_BODY = YES;
				CLANG_WARN_ENUM_CONVERSION = YES;
				CLANG_WARN_INFINITE_RECURSION = YES;
				CLANG_WARN_INT_CONVERSION = YES;
				CLANG_WARN_NON_LITERAL_NULL_CONVERSION = YES;
				CLANG_WARN_OBJC_IMPLICIT_RETAIN_SELF = YES;
				CLANG_WARN_OBJC_LITERAL_CONVERSION = YES;
				CLANG_WARN_OBJC_ROOT_CLASS = YES_ERROR;
				CLANG_WARN_RANGE_LOOP_ANALYSIS = YES;
				CLANG_WARN_STRICT_PROTOTYPES = YES;
				CLANG_WARN_SUSPICIOUS_MOVE = YES;
				CLANG_WARN_UNREACHABLE_CODE = YES;
				CLANG_WARN__DUPLICATE_METHOD_MATCH = YES;
				"CODE_SIGN_IDENTITY[sdk=iphoneos*]" = "iPhone Developer";
				COPY_PHASE_STRIP = NO;
				DEBUG_INFORMATION_FORMAT = dwarf;
				ENABLE_STRICT_OBJC_MSGSEND = YES;
				ENABLE_TESTABILITY = YES;
				GCC_C_LANGUAGE_STANDARD = gnu99;
				GCC_DYNAMIC_NO_PIC = NO;
				GCC_NO_COMMON_BLOCKS = YES;
				GCC_OPTIMIZATION_LEVEL = 0;
				GCC_PREPROCESSOR_DEFINITIONS = (
					"DEBUG=1",
					"$(inherited)",
				);
				GCC_WARN_64_TO_32_BIT_CONVERSION = YES;
				GCC_WARN_ABOUT_RETURN_TYPE = YES_ERROR;
				GCC_WARN_UNDECLARED_SELECTOR = YES;
				GCC_WARN_UNINITIALIZED_AUTOS = YES_AGGRESSIVE;
				GCC_WARN_UNUSED_FUNCTION = YES;
				GCC_WARN_UNUSED_VARIABLE = YES;
				IPHONEOS_DEPLOYMENT_TARGET = 10.3;
				MTL_ENABLE_DEBUG_INFO = YES;
				ONLY_ACTIVE_ARCH = YES;
				SDKROOT = iphoneos;
				SWIFT_ACTIVE_COMPILATION_CONDITIONS = DEBUG;
				SWIFT_OPTIMIZATION_LEVEL = "-Onone";
				TARGETED_DEVICE_FAMILY = "1,2";
			};
			name = Debug;
		};
		3D0A17341F2E4D100051E4F3 /* Release */ = {
			isa = XCBuildConfiguration;
			buildSettings = {
				ALWAYS_SEARCH_USER_PATHS = NO;
				CLANG_ANALYZER_NONNULL = YES;
				CLANG_ANALYZER_NUMBER_OBJECT_CONVERSION = YES_AGGRESSIVE;
				CLANG_CXX_LANGUAGE_STANDARD = "gnu++0x";
				CLANG_CXX_LIBRARY = "libc++";
				CLANG_ENABLE_MODULES = YES;
				CLANG_ENABLE_OBJC_ARC = YES;
				CLANG_WARN_BLOCK_CAPTURE_AUTORELEASING = YES;
				CLANG_WARN_BOOL_CONVERSION = YES;
				CLANG_WARN_COMMA = YES;
				CLANG_WARN_CONSTANT_CONVERSION = YES;
				CLANG_WARN_DEPRECATED_OBJC_IMPLEMENTATIONS = YES;
				CLANG_WARN_DIRECT_OBJC_ISA_USAGE = YES_ERROR;
				CLANG_WARN_DOCUMENTATION_COMMENTS = YES;
				CLANG_WARN_EMPTY_BODY = YES;
				CLANG_WARN_ENUM_CONVERSION = YES;
				CLANG_WARN_INFINITE_RECURSION = YES;
				CLANG_WARN_INT_CONVERSION = YES;
				CLANG_WARN_NON_LITERAL_NULL_CONVERSION = YES;
				CLANG_WARN_OBJC_IMPLICIT_RETAIN_SELF = YES;
				CLANG_WARN_OBJC_LITERAL_CONVERSION = YES;
				CLANG_WARN_OBJC_ROOT_CLASS = YES_ERROR;
				CLANG_WARN_RANGE_LOOP_ANALYSIS = YES;
				CLANG_WARN_STRICT_PROTOTYPES = YES;
				CLANG_WARN_SUSPICIOUS_MOVE = YES;
				CLANG_WARN_UNREACHABLE_CODE = YES;
				CLANG_WARN__DUPLICATE_METHOD_MATCH = YES;
				"CODE_SIGN_IDENTITY[sdk=iphoneos*]" = "iPhone Developer";
				COPY_PHASE_STRIP = NO;
				DEBUG_INFORMATION_FORMAT = "dwarf-with-dsym";
				ENABLE_NS_ASSERTIONS = NO;
				ENABLE_STRICT_OBJC_MSGSEND = YES;
				GCC_C_LANGUAGE_STANDARD = gnu99;
				GCC_NO_COMMON_BLOCKS = YES;
				GCC_WARN_64_TO_32_BIT_CONVERSION = YES;
				GCC_WARN_ABOUT_RETURN_TYPE = YES_ERROR;
				GCC_WARN_UNDECLARED_SELECTOR = YES;
				GCC_WARN_UNINITIALIZED_AUTOS = YES_AGGRESSIVE;
				GCC_WARN_UNUSED_FUNCTION = YES;
				GCC_WARN_UNUSED_VARIABLE = YES;
				IPHONEOS_DEPLOYMENT_TARGET = 10.3;
				MTL_ENABLE_DEBUG_INFO = NO;
				SDKROOT = iphoneos;
				SWIFT_OPTIMIZATION_LEVEL = "-Owholemodule";
				TARGETED_DEVICE_FAMILY = "1,2";
				VALIDATE_PRODUCT = YES;
			};
			name = Release;
		};
		3D0A17361F2E4D100051E4F3 /* Debug */ = {
			isa = XCBuildConfiguration;
			baseConfigurationReference = 3C4158E7D3F95D817CE08944 /* Pods-SwordsExpress.debug.xcconfig */;
			buildSettings = {
				ALWAYS_EMBED_SWIFT_STANDARD_LIBRARIES = "$(inherited)";
				ASSETCATALOG_COMPILER_APPICON_NAME = AppIcon;
				CODE_SIGN_ENTITLEMENTS = SwordsExpress/SwordsExpress.entitlements;
				CODE_SIGN_IDENTITY = "iPhone Developer";
				CODE_SIGN_STYLE = Manual;
				DEVELOPMENT_TEAM = 723568ER35;
				FRAMEWORK_SEARCH_PATHS = "$(inherited)";
				INFOPLIST_FILE = SwordsExpress/Info.plist;
				IPHONEOS_DEPLOYMENT_TARGET = 10.3;
				LD_RUNPATH_SEARCH_PATHS = "$(inherited) @executable_path/Frameworks";
				PRODUCT_BUNDLE_IDENTIFIER = me.williamoconnor.SwordsExpress;
				PRODUCT_NAME = "$(TARGET_NAME)";
				PROVISIONING_PROFILE = "1ecc21ba-ca25-4012-9c90-07ff7ccd22a8";
				PROVISIONING_PROFILE_SPECIFIER = me.williamoconnor.SwordsExpress;
				SWIFT_SWIFT3_OBJC_INFERENCE = Off;
				SWIFT_VERSION = 4.0;
			};
			name = Debug;
		};
		3D0A17371F2E4D100051E4F3 /* Release */ = {
			isa = XCBuildConfiguration;
			baseConfigurationReference = 9C8513BDFD412C748A863D3A /* Pods-SwordsExpress.release.xcconfig */;
			buildSettings = {
				ALWAYS_EMBED_SWIFT_STANDARD_LIBRARIES = "$(inherited)";
				ASSETCATALOG_COMPILER_APPICON_NAME = AppIcon;
				CODE_SIGN_ENTITLEMENTS = SwordsExpress/SwordsExpress.entitlements;
				CODE_SIGN_IDENTITY = "iPhone Developer";
				CODE_SIGN_STYLE = Manual;
				DEVELOPMENT_TEAM = 723568ER35;
				FRAMEWORK_SEARCH_PATHS = "$(inherited)";
				INFOPLIST_FILE = SwordsExpress/Info.plist;
				IPHONEOS_DEPLOYMENT_TARGET = 10.3;
				LD_RUNPATH_SEARCH_PATHS = "$(inherited) @executable_path/Frameworks";
				PRODUCT_BUNDLE_IDENTIFIER = me.williamoconnor.SwordsExpress;
				PRODUCT_NAME = "$(TARGET_NAME)";
				PROVISIONING_PROFILE = "1ecc21ba-ca25-4012-9c90-07ff7ccd22a8";
				PROVISIONING_PROFILE_SPECIFIER = me.williamoconnor.SwordsExpress;
				SWIFT_SWIFT3_OBJC_INFERENCE = Off;
				SWIFT_VERSION = 4.0;
			};
			name = Release;
		};
		3D0A17391F2E4D100051E4F3 /* Debug */ = {
			isa = XCBuildConfiguration;
			baseConfigurationReference = 18F373DB98E92E96428B2EA2 /* Pods-SwordsExpressTests.debug.xcconfig */;
			buildSettings = {
				ALWAYS_EMBED_SWIFT_STANDARD_LIBRARIES = "$(inherited)";
				BUNDLE_LOADER = "$(TEST_HOST)";
				INFOPLIST_FILE = SwordsExpressTests/Info.plist;
				LD_RUNPATH_SEARCH_PATHS = "$(inherited) @executable_path/Frameworks @loader_path/Frameworks";
				PRODUCT_BUNDLE_IDENTIFIER = me.williamoconnor.SwordsExpressTests;
				PRODUCT_NAME = "$(TARGET_NAME)";
				SWIFT_SWIFT3_OBJC_INFERENCE = Off;
				SWIFT_VERSION = 4.0;
				TEST_HOST = "$(BUILT_PRODUCTS_DIR)/SwordsExpress.app/SwordsExpress";
			};
			name = Debug;
		};
		3D0A173A1F2E4D100051E4F3 /* Release */ = {
			isa = XCBuildConfiguration;
			baseConfigurationReference = 3DC30E15479B92A323A3C1CF /* Pods-SwordsExpressTests.release.xcconfig */;
			buildSettings = {
				ALWAYS_EMBED_SWIFT_STANDARD_LIBRARIES = "$(inherited)";
				BUNDLE_LOADER = "$(TEST_HOST)";
				INFOPLIST_FILE = SwordsExpressTests/Info.plist;
				LD_RUNPATH_SEARCH_PATHS = "$(inherited) @executable_path/Frameworks @loader_path/Frameworks";
				PRODUCT_BUNDLE_IDENTIFIER = me.williamoconnor.SwordsExpressTests;
				PRODUCT_NAME = "$(TARGET_NAME)";
				SWIFT_SWIFT3_OBJC_INFERENCE = Off;
				SWIFT_VERSION = 4.0;
				TEST_HOST = "$(BUILT_PRODUCTS_DIR)/SwordsExpress.app/SwordsExpress";
			};
			name = Release;
		};
		3D0A173C1F2E4D100051E4F3 /* Debug */ = {
			isa = XCBuildConfiguration;
			buildSettings = {
				ALWAYS_EMBED_SWIFT_STANDARD_LIBRARIES = "$(inherited)";
				INFOPLIST_FILE = SwordsExpressUITests/Info.plist;
				LD_RUNPATH_SEARCH_PATHS = "$(inherited) @executable_path/Frameworks @loader_path/Frameworks";
				PRODUCT_BUNDLE_IDENTIFIER = me.williamoconnor.SwordsExpressUITests;
				PRODUCT_NAME = "$(TARGET_NAME)";
				SWIFT_SWIFT3_OBJC_INFERENCE = Off;
				SWIFT_VERSION = 4.0;
				TEST_TARGET_NAME = SwordsExpress;
			};
			name = Debug;
		};
		3D0A173D1F2E4D100051E4F3 /* Release */ = {
			isa = XCBuildConfiguration;
			buildSettings = {
				ALWAYS_EMBED_SWIFT_STANDARD_LIBRARIES = "$(inherited)";
				INFOPLIST_FILE = SwordsExpressUITests/Info.plist;
				LD_RUNPATH_SEARCH_PATHS = "$(inherited) @executable_path/Frameworks @loader_path/Frameworks";
				PRODUCT_BUNDLE_IDENTIFIER = me.williamoconnor.SwordsExpressUITests;
				PRODUCT_NAME = "$(TARGET_NAME)";
				SWIFT_SWIFT3_OBJC_INFERENCE = Off;
				SWIFT_VERSION = 4.0;
				TEST_TARGET_NAME = SwordsExpress;
			};
			name = Release;
		};
/* End XCBuildConfiguration section */

/* Begin XCConfigurationList section */
		3D0A17061F2E4D100051E4F3 /* Build configuration list for PBXProject "SwordsExpress" */ = {
			isa = XCConfigurationList;
			buildConfigurations = (
				3D0A17331F2E4D100051E4F3 /* Debug */,
				3D0A17341F2E4D100051E4F3 /* Release */,
			);
			defaultConfigurationIsVisible = 0;
			defaultConfigurationName = Release;
		};
		3D0A17351F2E4D100051E4F3 /* Build configuration list for PBXNativeTarget "SwordsExpress" */ = {
			isa = XCConfigurationList;
			buildConfigurations = (
				3D0A17361F2E4D100051E4F3 /* Debug */,
				3D0A17371F2E4D100051E4F3 /* Release */,
			);
			defaultConfigurationIsVisible = 0;
			defaultConfigurationName = Release;
		};
		3D0A17381F2E4D100051E4F3 /* Build configuration list for PBXNativeTarget "SwordsExpressTests" */ = {
			isa = XCConfigurationList;
			buildConfigurations = (
				3D0A17391F2E4D100051E4F3 /* Debug */,
				3D0A173A1F2E4D100051E4F3 /* Release */,
			);
			defaultConfigurationIsVisible = 0;
			defaultConfigurationName = Release;
		};
		3D0A173B1F2E4D100051E4F3 /* Build configuration list for PBXNativeTarget "SwordsExpressUITests" */ = {
			isa = XCConfigurationList;
			buildConfigurations = (
				3D0A173C1F2E4D100051E4F3 /* Debug */,
				3D0A173D1F2E4D100051E4F3 /* Release */,
			);
			defaultConfigurationIsVisible = 0;
			defaultConfigurationName = Release;
		};
/* End XCConfigurationList section */
	};
	rootObject = 3D0A17031F2E4D100051E4F3 /* Project object */;
}
