// !$*UTF8*$!
{
	archiveVersion = 1;
	classes = {
	};
	objectVersion = 77;
	objects = {

/* Begin PBXBuildFile section */
		3D803F7B2E7ABD01002919CD /* WidgetKit.framework in Frameworks */ = {isa = PBXBuildFile; fileRef = 3D803F7A2E7ABD00002919CD /* WidgetKit.framework */; };
		3D803F7D2E7ABD01002919CD /* SwiftUI.framework in Frameworks */ = {isa = PBXBuildFile; fileRef = 3D803F7C2E7ABD01002919CD /* SwiftUI.framework */; };
		3D803F8E2E7ABD03002919CD /* LiveDeparturesExtension.appex in Embed Foundation Extensions */ = {isa = PBXBuildFile; fileRef = 3D803F782E7ABD00002919CD /* LiveDeparturesExtension.appex */; settings = {ATTRIBUTES = (RemoveHeadersOnCopy, ); }; };
		3DDD6BB42E7ACE1500C5E619 /* SettingsView.swift in Sources */ = {isa = PBXBuildFile; fileRef = 3DDD6BB32E7ACE1500C5E619 /* SettingsView.swift */; };
/* End PBXBuildFile section */

/* Begin PBXContainerItemProxy section */
		3D2F84C02E72C9C300250ABA /* PBXContainerItemProxy */ = {
			isa = PBXContainerItemProxy;
			containerPortal = 3D2F84A82E72C9C100250ABA /* Project object */;
			proxyType = 1;
			remoteGlobalIDString = 3D2F84AF2E72C9C100250ABA;
			remoteInfo = SwordsExpress;
		};
		3D2F84CA2E72C9C300250ABA /* PBXContainerItemProxy */ = {
			isa = PBXContainerItemProxy;
			containerPortal = 3D2F84A82E72C9C100250ABA /* Project object */;
			proxyType = 1;
			remoteGlobalIDString = 3D2F84AF2E72C9C100250ABA;
			remoteInfo = SwordsExpress;
		};
		3D803F8C2E7ABD03002919CD /* PBXContainerItemProxy */ = {
			isa = PBXContainerItemProxy;
			containerPortal = 3D2F84A82E72C9C100250ABA /* Project object */;
			proxyType = 1;
			remoteGlobalIDString = 3D803F772E7ABD00002919CD;
			remoteInfo = LiveDeparturesExtension;
		};
/* End PBXContainerItemProxy section */

/* Begin PBXCopyFilesBuildPhase section */
		3D803F8F2E7ABD03002919CD /* Embed Foundation Extensions */ = {
			isa = PBXCopyFilesBuildPhase;
			buildActionMask = 2147483647;
			dstPath = "";
			dstSubfolderSpec = 13;
			files = (
				3D803F8E2E7ABD03002919CD /* LiveDeparturesExtension.appex in Embed Foundation Extensions */,
			);
			name = "Embed Foundation Extensions";
			runOnlyForDeploymentPostprocessing = 0;
		};
/* End PBXCopyFilesBuildPhase section */

/* Begin PBXFileReference section */
		3D2F84B02E72C9C100250ABA /* SwordsExpress.app */ = {isa = PBXFileReference; explicitFileType = wrapper.application; includeInIndex = 0; path = SwordsExpress.app; sourceTree = BUILT_PRODUCTS_DIR; };
		3D2F84BF2E72C9C300250ABA /* SwordsExpressTests.xctest */ = {isa = PBXFileReference; explicitFileType = wrapper.cfbundle; includeInIndex = 0; path = SwordsExpressTests.xctest; sourceTree = BUILT_PRODUCTS_DIR; };
		3D2F84C92E72C9C300250ABA /* SwordsExpressUITests.xctest */ = {isa = PBXFileReference; explicitFileType = wrapper.cfbundle; includeInIndex = 0; path = SwordsExpressUITests.xctest; sourceTree = BUILT_PRODUCTS_DIR; };
		3D803F782E7ABD00002919CD /* LiveDeparturesExtension.appex */ = {isa = PBXFileReference; explicitFileType = "wrapper.app-extension"; includeInIndex = 0; path = LiveDeparturesExtension.appex; sourceTree = BUILT_PRODUCTS_DIR; };
		3D803F7A2E7ABD00002919CD /* WidgetKit.framework */ = {isa = PBXFileReference; lastKnownFileType = wrapper.framework; name = WidgetKit.framework; path = System/Library/Frameworks/WidgetKit.framework; sourceTree = SDKROOT; };
		3D803F7C2E7ABD01002919CD /* SwiftUI.framework */ = {isa = PBXFileReference; lastKnownFileType = wrapper.framework; name = SwiftUI.framework; path = System/Library/Frameworks/SwiftUI.framework; sourceTree = SDKROOT; };
		3DDD6BB12E7ACBA600C5E619 /* LiveDeparturesExtension.entitlements */ = {isa = PBXFileReference; lastKnownFileType = text.plist.entitlements; path = LiveDeparturesExtension.entitlements; sourceTree = "<group>"; };
		3DDD6BB32E7ACE1500C5E619 /* SettingsView.swift */ = {isa = PBXFileReference; lastKnownFileType = sourcecode.swift; path = SettingsView.swift; sourceTree = "<group>"; };
/* End PBXFileReference section */

/* Begin PBXFileSystemSynchronizedBuildFileExceptionSet section */
		3D34F85F2E782F26009CA300 /* Exceptions for "SwordsExpress" folder in "SwordsExpress" target */ = {
			isa = PBXFileSystemSynchronizedBuildFileExceptionSet;
			membershipExceptions = (
				Info.plist,
			);
			target = 3D2F84AF2E72C9C100250ABA /* SwordsExpress */;
		};
		3D803F932E7ABD03002919CD /* Exceptions for "LiveDepartures" folder in "LiveDeparturesExtension" target */ = {
			isa = PBXFileSystemSynchronizedBuildFileExceptionSet;
			membershipExceptions = (
				Info.plist,
			);
			target = 3D803F772E7ABD00002919CD /* LiveDeparturesExtension */;
		};
/* End PBXFileSystemSynchronizedBuildFileExceptionSet section */

/* Begin PBXFileSystemSynchronizedRootGroup section */
		3D2F84B22E72C9C100250ABA /* SwordsExpress */ = {
			isa = PBXFileSystemSynchronizedRootGroup;
			exceptions = (
				3D34F85F2E782F26009CA300 /* Exceptions for "SwordsExpress" folder in "SwordsExpress" target */,
			);
			path = SwordsExpress;
			sourceTree = "<group>";
		};
		3D2F84C22E72C9C300250ABA /* SwordsExpressTests */ = {
			isa = PBXFileSystemSynchronizedRootGroup;
			path = SwordsExpressTests;
			sourceTree = "<group>";
		};
		3D2F84CC2E72C9C300250ABA /* SwordsExpressUITests */ = {
			isa = PBXFileSystemSynchronizedRootGroup;
			path = SwordsExpressUITests;
			sourceTree = "<group>";
		};
		3D803F7E2E7ABD01002919CD /* LiveDepartures */ = {
			isa = PBXFileSystemSynchronizedRootGroup;
			exceptions = (
				3D803F932E7ABD03002919CD /* Exceptions for "LiveDepartures" folder in "LiveDeparturesExtension" target */,
			);
			path = LiveDepartures;
			sourceTree = "<group>";
		};
/* End PBXFileSystemSynchronizedRootGroup section */

/* Begin PBXFrameworksBuildPhase section */
		3D2F84AD2E72C9C100250ABA /* Frameworks */ = {
			isa = PBXFrameworksBuildPhase;
			buildActionMask = 2147483647;
			files = (
			);
			runOnlyForDeploymentPostprocessing = 0;
		};
		3D2F84BC2E72C9C300250ABA /* Frameworks */ = {
			isa = PBXFrameworksBuildPhase;
			buildActionMask = 2147483647;
			files = (
			);
			runOnlyForDeploymentPostprocessing = 0;
		};
		3D2F84C62E72C9C300250ABA /* Frameworks */ = {
			isa = PBXFrameworksBuildPhase;
			buildActionMask = 2147483647;
			files = (
			);
			runOnlyForDeploymentPostprocessing = 0;
		};
		3D803F752E7ABD00002919CD /* Frameworks */ = {
			isa = PBXFrameworksBuildPhase;
			buildActionMask = 2147483647;
			files = (
				3D803F7D2E7ABD01002919CD /* SwiftUI.framework in Frameworks */,
				3D803F7B2E7ABD01002919CD /* WidgetKit.framework in Frameworks */,
			);
			runOnlyForDeploymentPostprocessing = 0;
		};
/* End PBXFrameworksBuildPhase section */

/* Begin PBXGroup section */
		3D2F84A72E72C9C100250ABA = {
			isa = PBXGroup;
			children = (
				3DDD6BB12E7ACBA600C5E619 /* LiveDeparturesExtension.entitlements */,
				3D2F84B22E72C9C100250ABA /* SwordsExpress */,
				3D2F84C22E72C9C300250ABA /* SwordsExpressTests */,
				3D2F84CC2E72C9C300250ABA /* SwordsExpressUITests */,
				3D803F7E2E7ABD01002919CD /* LiveDepartures */,
				3D803F792E7ABD00002919CD /* Frameworks */,
				3D2F84B12E72C9C100250ABA /* Products */,
				3DDD6BB32E7ACE1500C5E619 /* SettingsView.swift */,
			);
			sourceTree = "<group>";
		};
		3D2F84B12E72C9C100250ABA /* Products */ = {
			isa = PBXGroup;
			children = (
				3D2F84B02E72C9C100250ABA /* SwordsExpress.app */,
				3D2F84BF2E72C9C300250ABA /* SwordsExpressTests.xctest */,
				3D2F84C92E72C9C300250ABA /* SwordsExpressUITests.xctest */,
				3D803F782E7ABD00002919CD /* LiveDeparturesExtension.appex */,
			);
			name = Products;
			sourceTree = "<group>";
		};
		3D803F792E7ABD00002919CD /* Frameworks */ = {
			isa = PBXGroup;
			children = (
				3D803F7A2E7ABD00002919CD /* WidgetKit.framework */,
				3D803F7C2E7ABD01002919CD /* SwiftUI.framework */,
			);
			name = Frameworks;
			sourceTree = "<group>";
		};
/* End PBXGroup section */

/* Begin PBXNativeTarget section */
		3D2F84AF2E72C9C100250ABA /* SwordsExpress */ = {
			isa = PBXNativeTarget;
			buildConfigurationList = 3D2F84D32E72C9C300250ABA /* Build configuration list for PBXNativeTarget "SwordsExpress" */;
			buildPhases = (
				3D2F84AC2E72C9C100250ABA /* Sources */,
				3D2F84AD2E72C9C100250ABA /* Frameworks */,
				3D2F84AE2E72C9C100250ABA /* Resources */,
				3D803F8F2E7ABD03002919CD /* Embed Foundation Extensions */,
			);
			buildRules = (
			);
			dependencies = (
				3D803F8D2E7ABD03002919CD /* PBXTargetDependency */,
			);
			fileSystemSynchronizedGroups = (
				3D2F84B22E72C9C100250ABA /* SwordsExpress */,
			);
			name = SwordsExpress;
			packageProductDependencies = (
			);
			productName = SwordsExpress;
			productReference = 3D2F84B02E72C9C100250ABA /* SwordsExpress.app */;
			productType = "com.apple.product-type.application";
		};
		3D2F84BE2E72C9C300250ABA /* SwordsExpressTests */ = {
			isa = PBXNativeTarget;
			buildConfigurationList = 3D2F84D62E72C9C300250ABA /* Build configuration list for PBXNativeTarget "SwordsExpressTests" */;
			buildPhases = (
				3D2F84BB2E72C9C300250ABA /* Sources */,
				3D2F84BC2E72C9C300250ABA /* Frameworks */,
				3D2F84BD2E72C9C300250ABA /* Resources */,
			);
			buildRules = (
			);
			dependencies = (
				3D2F84C12E72C9C300250ABA /* PBXTargetDependency */,
			);
			fileSystemSynchronizedGroups = (
				3D2F84C22E72C9C300250ABA /* SwordsExpressTests */,
			);
			name = SwordsExpressTests;
			packageProductDependencies = (
			);
			productName = SwordsExpressTests;
			productReference = 3D2F84BF2E72C9C300250ABA /* SwordsExpressTests.xctest */;
			productType = "com.apple.product-type.bundle.unit-test";
		};
		3D2F84C82E72C9C300250ABA /* SwordsExpressUITests */ = {
			isa = PBXNativeTarget;
			buildConfigurationList = 3D2F84D92E72C9C300250ABA /* Build configuration list for PBXNativeTarget "SwordsExpressUITests" */;
			buildPhases = (
				3D2F84C52E72C9C300250ABA /* Sources */,
				3D2F84C62E72C9C300250ABA /* Frameworks */,
				3D2F84C72E72C9C300250ABA /* Resources */,
			);
			buildRules = (
			);
			dependencies = (
				3D2F84CB2E72C9C300250ABA /* PBXTargetDependency */,
			);
			fileSystemSynchronizedGroups = (
				3D2F84CC2E72C9C300250ABA /* SwordsExpressUITests */,
			);
			name = SwordsExpressUITests;
			packageProductDependencies = (
			);
			productName = SwordsExpressUITests;
			productReference = 3D2F84C92E72C9C300250ABA /* SwordsExpressUITests.xctest */;
			productType = "com.apple.product-type.bundle.ui-testing";
		};
		3D803F772E7ABD00002919CD /* LiveDeparturesExtension */ = {
			isa = PBXNativeTarget;
			buildConfigurationList = 3D803F922E7ABD03002919CD /* Build configuration list for PBXNativeTarget "LiveDeparturesExtension" */;
			buildPhases = (
				3D803F742E7ABD00002919CD /* Sources */,
				3D803F752E7ABD00002919CD /* Frameworks */,
				3D803F762E7ABD00002919CD /* Resources */,
			);
			buildRules = (
			);
			dependencies = (
			);
			fileSystemSynchronizedGroups = (
				3D803F7E2E7ABD01002919CD /* LiveDepartures */,
			);
			name = LiveDeparturesExtension;
			packageProductDependencies = (
			);
			productName = LiveDeparturesExtension;
			productReference = 3D803F782E7ABD00002919CD /* LiveDeparturesExtension.appex */;
			productType = "com.apple.product-type.app-extension";
		};
/* End PBXNativeTarget section */

/* Begin PBXProject section */
		3D2F84A82E72C9C100250ABA /* Project object */ = {
			isa = PBXProject;
			attributes = {
				BuildIndependentTargetsInParallel = 1;
				LastSwiftUpdateCheck = 2600;
				LastUpgradeCheck = 2600;
				TargetAttributes = {
					3D2F84AF2E72C9C100250ABA = {
						CreatedOnToolsVersion = 26.0;
					};
					3D2F84BE2E72C9C300250ABA = {
						CreatedOnToolsVersion = 26.0;
						TestTargetID = 3D2F84AF2E72C9C100250ABA;
					};
					3D2F84C82E72C9C300250ABA = {
						CreatedOnToolsVersion = 26.0;
						TestTargetID = 3D2F84AF2E72C9C100250ABA;
					};
					3D803F772E7ABD00002919CD = {
						CreatedOnToolsVersion = 26.0;
					};
				};
			};
			buildConfigurationList = 3D2F84AB2E72C9C100250ABA /* Build configuration list for PBXProject "SwordsExpress" */;
			developmentRegion = en;
			hasScannedForEncodings = 0;
			knownRegions = (
				en,
				Base,
			);
			mainGroup = 3D2F84A72E72C9C100250ABA;
			minimizedProjectReferenceProxies = 1;
			preferredProjectObjectVersion = 77;
			productRefGroup = 3D2F84B12E72C9C100250ABA /* Products */;
			projectDirPath = "";
			projectRoot = "";
			targets = (
				3D2F84AF2E72C9C100250ABA /* SwordsExpress */,
				3D2F84BE2E72C9C300250ABA /* SwordsExpressTests */,
				3D2F84C82E72C9C300250ABA /* SwordsExpressUITests */,
				3D803F772E7ABD00002919CD /* LiveDeparturesExtension */,
			);
		};
/* End PBXProject section */

/* Begin PBXResourcesBuildPhase section */
		3D2F84AE2E72C9C100250ABA /* Resources */ = {
			isa = PBXResourcesBuildPhase;
			buildActionMask = 2147483647;
			files = (
			);
			runOnlyForDeploymentPostprocessing = 0;
		};
		3D2F84BD2E72C9C300250ABA /* Resources */ = {
			isa = PBXResourcesBuildPhase;
			buildActionMask = 2147483647;
			files = (
			);
			runOnlyForDeploymentPostprocessing = 0;
		};
		3D2F84C72E72C9C300250ABA /* Resources */ = {
			isa = PBXResourcesBuildPhase;
			buildActionMask = 2147483647;
			files = (
			);
			runOnlyForDeploymentPostprocessing = 0;
		};
		3D803F762E7ABD00002919CD /* Resources */ = {
			isa = PBXResourcesBuildPhase;
			buildActionMask = 2147483647;
			files = (
			);
			runOnlyForDeploymentPostprocessing = 0;
		};
/* End PBXResourcesBuildPhase section */

/* Begin PBXSourcesBuildPhase section */
		3D2F84AC2E72C9C100250ABA /* Sources */ = {
			isa = PBXSourcesBuildPhase;
			buildActionMask = 2147483647;
			files = (
			);
			runOnlyForDeploymentPostprocessing = 0;
		};
		3D2F84BB2E72C9C300250ABA /* Sources */ = {
			isa = PBXSourcesBuildPhase;
			buildActionMask = 2147483647;
			files = (
			);
			runOnlyForDeploymentPostprocessing = 0;
		};
		3D2F84C52E72C9C300250ABA /* Sources */ = {
			isa = PBXSourcesBuildPhase;
			buildActionMask = 2147483647;
			files = (
			);
			runOnlyForDeploymentPostprocessing = 0;
		};
		3D803F742E7ABD00002919CD /* Sources */ = {
			isa = PBXSourcesBuildPhase;
			buildActionMask = 2147483647;
			files = (
				3DDD6BB42E7ACE1500C5E619 /* SettingsView.swift in Sources */,
			);
			runOnlyForDeploymentPostprocessing = 0;
		};
/* End PBXSourcesBuildPhase section */

/* Begin PBXTargetDependency section */
		3D2F84C12E72C9C300250ABA /* PBXTargetDependency */ = {
			isa = PBXTargetDependency;
			target = 3D2F84AF2E72C9C100250ABA /* SwordsExpress */;
			targetProxy = 3D2F84C02E72C9C300250ABA /* PBXContainerItemProxy */;
		};
		3D2F84CB2E72C9C300250ABA /* PBXTargetDependency */ = {
			isa = PBXTargetDependency;
			target = 3D2F84AF2E72C9C100250ABA /* SwordsExpress */;
			targetProxy = 3D2F84CA2E72C9C300250ABA /* PBXContainerItemProxy */;
		};
		3D803F8D2E7ABD03002919CD /* PBXTargetDependency */ = {
			isa = PBXTargetDependency;
			target = 3D803F772E7ABD00002919CD /* LiveDeparturesExtension */;
			targetProxy = 3D803F8C2E7ABD03002919CD /* PBXContainerItemProxy */;
		};
/* End PBXTargetDependency section */

/* Begin XCBuildConfiguration section */
		3D2F84D12E72C9C300250ABA /* Debug */ = {
			isa = XCBuildConfiguration;
			buildSettings = {
				ALWAYS_SEARCH_USER_PATHS = NO;
				ASSETCATALOG_COMPILER_GENERATE_SWIFT_ASSET_SYMBOL_EXTENSIONS = YES;
				CLANG_ANALYZER_NONNULL = YES;
				CLANG_ANALYZER_NUMBER_OBJECT_CONVERSION = YES_AGGRESSIVE;
				CLANG_CXX_LANGUAGE_STANDARD = "gnu++20";
				CLANG_ENABLE_MODULES = YES;
				CLANG_ENABLE_OBJC_ARC = YES;
				CLANG_ENABLE_OBJC_WEAK = YES;
				CLANG_WARN_BLOCK_CAPTURE_AUTORELEASING = YES;
				CLANG_WARN_BOOL_CONVERSION = YES;
				CLANG_WARN_COMMA = YES;
				CLANG_WARN_CONSTANT_CONVERSION = YES;
				CLANG_WARN_DEPRECATED_OBJC_IMPLEMENTATIONS = YES;
				CLANG_WARN_DIRECT_OBJC_ISA_USAGE = YES_ERROR;
				CLANG_WARN_DOCUMENTATION_COMMENTS = YES;
				CLANG_WARN_EMPTY_BODY = YES;
				CLANG_WARN_ENUM_CONVERSION = YES;
				CLANG_WARN_INFINITE_RECURSION = YES;
				CLANG_WARN_INT_CONVERSION = YES;
				CLANG_WARN_NON_LITERAL_NULL_CONVERSION = YES;
				CLANG_WARN_OBJC_IMPLICIT_RETAIN_SELF = YES;
				CLANG_WARN_OBJC_LITERAL_CONVERSION = YES;
				CLANG_WARN_OBJC_ROOT_CLASS = YES_ERROR;
				CLANG_WARN_QUOTED_INCLUDE_IN_FRAMEWORK_HEADER = YES;
				CLANG_WARN_RANGE_LOOP_ANALYSIS = YES;
				CLANG_WARN_STRICT_PROTOTYPES = YES;
				CLANG_WARN_SUSPICIOUS_MOVE = YES;
				CLANG_WARN_UNGUARDED_AVAILABILITY = YES_AGGRESSIVE;
				CLANG_WARN_UNREACHABLE_CODE = YES;
				CLANG_WARN__DUPLICATE_METHOD_MATCH = YES;
				COPY_PHASE_STRIP = NO;
				DEBUG_INFORMATION_FORMAT = dwarf;
				DEVELOPMENT_TEAM = 723568ER35;
				ENABLE_STRICT_OBJC_MSGSEND = YES;
				ENABLE_TESTABILITY = YES;
				ENABLE_USER_SCRIPT_SANDBOXING = YES;
				GCC_C_LANGUAGE_STANDARD = gnu17;
				GCC_DYNAMIC_NO_PIC = NO;
				GCC_NO_COMMON_BLOCKS = YES;
				GCC_OPTIMIZATION_LEVEL = 0;
				GCC_PREPROCESSOR_DEFINITIONS = (
					"DEBUG=1",
					"$(inherited)",
				);
				GCC_WARN_64_TO_32_BIT_CONVERSION = YES;
				GCC_WARN_ABOUT_RETURN_TYPE = YES_ERROR;
				GCC_WARN_UNDECLARED_SELECTOR = YES;
				GCC_WARN_UNINITIALIZED_AUTOS = YES_AGGRESSIVE;
				GCC_WARN_UNUSED_FUNCTION = YES;
				GCC_WARN_UNUSED_VARIABLE = YES;
				IPHONEOS_DEPLOYMENT_TARGET = 26.0;
				LOCALIZATION_PREFERS_STRING_CATALOGS = YES;
				MTL_ENABLE_DEBUG_INFO = INCLUDE_SOURCE;
				MTL_FAST_MATH = YES;
				ONLY_ACTIVE_ARCH = YES;
				SDKROOT = iphoneos;
				SWIFT_ACTIVE_COMPILATION_CONDITIONS = "DEBUG $(inherited)";
				SWIFT_OPTIMIZATION_LEVEL = "-Onone";
			};
			name = Debug;
		};
		3D2F84D22E72C9C300250ABA /* Release */ = {
			isa = XCBuildConfiguration;
			buildSettings = {
				ALWAYS_SEARCH_USER_PATHS = NO;
				ASSETCATALOG_COMPILER_GENERATE_SWIFT_ASSET_SYMBOL_EXTENSIONS = YES;
				CLANG_ANALYZER_NONNULL = YES;
				CLANG_ANALYZER_NUMBER_OBJECT_CONVERSION = YES_AGGRESSIVE;
				CLANG_CXX_LANGUAGE_STANDARD = "gnu++20";
				CLANG_ENABLE_MODULES = YES;
				CLANG_ENABLE_OBJC_ARC = YES;
				CLANG_ENABLE_OBJC_WEAK = YES;
				CLANG_WARN_BLOCK_CAPTURE_AUTORELEASING = YES;
				CLANG_WARN_BOOL_CONVERSION = YES;
				CLANG_WARN_COMMA = YES;
				CLANG_WARN_CONSTANT_CONVERSION = YES;
				CLANG_WARN_DEPRECATED_OBJC_IMPLEMENTATIONS = YES;
				CLANG_WARN_DIRECT_OBJC_ISA_USAGE = YES_ERROR;
				CLANG_WARN_DOCUMENTATION_COMMENTS = YES;
				CLANG_WARN_EMPTY_BODY = YES;
				CLANG_WARN_ENUM_CONVERSION = YES;
				CLANG_WARN_INFINITE_RECURSION = YES;
				CLANG_WARN_INT_CONVERSION = YES;
				CLANG_WARN_NON_LITERAL_NULL_CONVERSION = YES;
				CLANG_WARN_OBJC_IMPLICIT_RETAIN_SELF = YES;
				CLANG_WARN_OBJC_LITERAL_CONVERSION = YES;
				CLANG_WARN_OBJC_ROOT_CLASS = YES_ERROR;
				CLANG_WARN_QUOTED_INCLUDE_IN_FRAMEWORK_HEADER = YES;
				CLANG_WARN_RANGE_LOOP_ANALYSIS = YES;
				CLANG_WARN_STRICT_PROTOTYPES = YES;
				CLANG_WARN_SUSPICIOUS_MOVE = YES;
				CLANG_WARN_UNGUARDED_AVAILABILITY = YES_AGGRESSIVE;
				CLANG_WARN_UNREACHABLE_CODE = YES;
				CLANG_WARN__DUPLICATE_METHOD_MATCH = YES;
				COPY_PHASE_STRIP = NO;
				DEBUG_INFORMATION_FORMAT = "dwarf-with-dsym";
				DEVELOPMENT_TEAM = 723568ER35;
				ENABLE_NS_ASSERTIONS = NO;
				ENABLE_STRICT_OBJC_MSGSEND = YES;
				ENABLE_USER_SCRIPT_SANDBOXING = YES;
				GCC_C_LANGUAGE_STANDARD = gnu17;
				GCC_NO_COMMON_BLOCKS = YES;
				GCC_WARN_64_TO_32_BIT_CONVERSION = YES;
				GCC_WARN_ABOUT_RETURN_TYPE = YES_ERROR;
				GCC_WARN_UNDECLARED_SELECTOR = YES;
				GCC_WARN_UNINITIALIZED_AUTOS = YES_AGGRESSIVE;
				GCC_WARN_UNUSED_FUNCTION = YES;
				GCC_WARN_UNUSED_VARIABLE = YES;
				IPHONEOS_DEPLOYMENT_TARGET = 26.0;
				LOCALIZATION_PREFERS_STRING_CATALOGS = YES;
				MTL_ENABLE_DEBUG_INFO = NO;
				MTL_FAST_MATH = YES;
				SDKROOT = iphoneos;
				SWIFT_COMPILATION_MODE = wholemodule;
				VALIDATE_PRODUCT = YES;
			};
			name = Release;
		};
		3D2F84D42E72C9C300250ABA /* Debug */ = {
			isa = XCBuildConfiguration;
			buildSettings = {
				ASSETCATALOG_COMPILER_APPICON_NAME = AppIcon;
				ASSETCATALOG_COMPILER_GLOBAL_ACCENT_COLOR_NAME = AccentColor;
				CODE_SIGN_ENTITLEMENTS = SwordsExpress/SwordsExpress.entitlements;
				CODE_SIGN_STYLE = Automatic;
				CURRENT_PROJECT_VERSION = 1;
				DEVELOPMENT_TEAM = 723568ER35;
				ENABLE_PREVIEWS = YES;
				GENERATE_INFOPLIST_FILE = YES;
				INFOPLIST_FILE = SwordsExpress/Info.plist;
				INFOPLIST_KEY_CFBundleDisplayName = "Swords Express";
				INFOPLIST_KEY_LSApplicationCategoryType = "public.app-category.travel";
				INFOPLIST_KEY_UIApplicationSceneManifest_Generation = YES;
				INFOPLIST_KEY_UIApplicationSupportsIndirectInputEvents = YES;
				INFOPLIST_KEY_UISupportedInterfaceOrientations_iPad = "UIInterfaceOrientationPortrait UIInterfaceOrientationPortraitUpsideDown UIInterfaceOrientationLandscapeLeft UIInterfaceOrientationLandscapeRight";
				INFOPLIST_KEY_UISupportedInterfaceOrientations_iPhone = "UIInterfaceOrientationPortrait UIInterfaceOrientationLandscapeLeft UIInterfaceOrientationLandscapeRight";
				LD_RUNPATH_SEARCH_PATHS = (
					"$(inherited)",
					"@executable_path/Frameworks",
				);
				MARKETING_VERSION = 2.2;
				PRODUCT_BUNDLE_IDENTIFIER = me.williamoconnor.SwordsExpress;
				PRODUCT_NAME = "$(TARGET_NAME)";
				STRING_CATALOG_GENERATE_SYMBOLS = YES;
				SWIFT_APPROACHABLE_CONCURRENCY = YES;
				SWIFT_DEFAULT_ACTOR_ISOLATION = MainActor;
				SWIFT_EMIT_LOC_STRINGS = YES;
				SWIFT_UPCOMING_FEATURE_MEMBER_IMPORT_VISIBILITY = YES;
				SWIFT_VERSION = 5.0;
				TARGETED_DEVICE_FAMILY = "1,2";
			};
			name = Debug;
		};
		3D2F84D52E72C9C300250ABA /* Release */ = {
			isa = XCBuildConfiguration;
			buildSettings = {
				ASSETCATALOG_COMPILER_APPICON_NAME = AppIcon;
				ASSETCATALOG_COMPILER_GLOBAL_ACCENT_COLOR_NAME = AccentColor;
				CODE_SIGN_ENTITLEMENTS = SwordsExpress/SwordsExpress.entitlements;
				CODE_SIGN_STYLE = Automatic;
				CURRENT_PROJECT_VERSION = 1;
				DEVELOPMENT_TEAM = 723568ER35;
				ENABLE_PREVIEWS = YES;
				GENERATE_INFOPLIST_FILE = YES;
				INFOPLIST_FILE = SwordsExpress/Info.plist;
				INFOPLIST_KEY_CFBundleDisplayName = "Swords Express";
				INFOPLIST_KEY_LSApplicationCategoryType = "public.app-category.travel";
				INFOPLIST_KEY_UIApplicationSceneManifest_Generation = YES;
				INFOPLIST_KEY_UIApplicationSupportsIndirectInputEvents = YES;
				INFOPLIST_KEY_UISupportedInterfaceOrientations_iPad = "UIInterfaceOrientationPortrait UIInterfaceOrientationPortraitUpsideDown UIInterfaceOrientationLandscapeLeft UIInterfaceOrientationLandscapeRight";
				INFOPLIST_KEY_UISupportedInterfaceOrientations_iPhone = "UIInterfaceOrientationPortrait UIInterfaceOrientationLandscapeLeft UIInterfaceOrientationLandscapeRight";
				LD_RUNPATH_SEARCH_PATHS = (
					"$(inherited)",
					"@executable_path/Frameworks",
				);
				MARKETING_VERSION = 2.2;
				PRODUCT_BUNDLE_IDENTIFIER = me.williamoconnor.SwordsExpress;
				PRODUCT_NAME = "$(TARGET_NAME)";
				STRING_CATALOG_GENERATE_SYMBOLS = YES;
				SWIFT_APPROACHABLE_CONCURRENCY = YES;
				SWIFT_DEFAULT_ACTOR_ISOLATION = MainActor;
				SWIFT_EMIT_LOC_STRINGS = YES;
				SWIFT_UPCOMING_FEATURE_MEMBER_IMPORT_VISIBILITY = YES;
				SWIFT_VERSION = 5.0;
				TARGETED_DEVICE_FAMILY = "1,2";
			};
			name = Release;
		};
		3D2F84D72E72C9C300250ABA /* Debug */ = {
			isa = XCBuildConfiguration;
			buildSettings = {
				BUNDLE_LOADER = "$(TEST_HOST)";
				CODE_SIGN_STYLE = Automatic;
				CURRENT_PROJECT_VERSION = 1;
				DEVELOPMENT_TEAM = 723568ER35;
				GENERATE_INFOPLIST_FILE = YES;
				IPHONEOS_DEPLOYMENT_TARGET = 26.0;
				MARKETING_VERSION = 1.0;
				PRODUCT_BUNDLE_IDENTIFIER = me.williamoconnor.SwordsExpressTests;
				PRODUCT_NAME = "$(TARGET_NAME)";
				STRING_CATALOG_GENERATE_SYMBOLS = NO;
				SWIFT_APPROACHABLE_CONCURRENCY = YES;
				SWIFT_EMIT_LOC_STRINGS = NO;
				SWIFT_UPCOMING_FEATURE_MEMBER_IMPORT_VISIBILITY = YES;
				SWIFT_VERSION = 5.0;
				TARGETED_DEVICE_FAMILY = "1,2";
				TEST_HOST = "$(BUILT_PRODUCTS_DIR)/SwordsExpress.app/$(BUNDLE_EXECUTABLE_FOLDER_PATH)/SwordsExpress";
			};
			name = Debug;
		};
		3D2F84D82E72C9C300250ABA /* Release */ = {
			isa = XCBuildConfiguration;
			buildSettings = {
				BUNDLE_LOADER = "$(TEST_HOST)";
				CODE_SIGN_STYLE = Automatic;
				CURRENT_PROJECT_VERSION = 1;
				DEVELOPMENT_TEAM = 723568ER35;
				GENERATE_INFOPLIST_FILE = YES;
				IPHONEOS_DEPLOYMENT_TARGET = 26.0;
				MARKETING_VERSION = 1.0;
				PRODUCT_BUNDLE_IDENTIFIER = me.williamoconnor.SwordsExpressTests;
				PRODUCT_NAME = "$(TARGET_NAME)";
				STRING_CATALOG_GENERATE_SYMBOLS = NO;
				SWIFT_APPROACHABLE_CONCURRENCY = YES;
				SWIFT_EMIT_LOC_STRINGS = NO;
				SWIFT_UPCOMING_FEATURE_MEMBER_IMPORT_VISIBILITY = YES;
				SWIFT_VERSION = 5.0;
				TARGETED_DEVICE_FAMILY = "1,2";
				TEST_HOST = "$(BUILT_PRODUCTS_DIR)/SwordsExpress.app/$(BUNDLE_EXECUTABLE_FOLDER_PATH)/SwordsExpress";
			};
			name = Release;
		};
		3D2F84DA2E72C9C300250ABA /* Debug */ = {
			isa = XCBuildConfiguration;
			buildSettings = {
				CODE_SIGN_STYLE = Automatic;
				CURRENT_PROJECT_VERSION = 1;
				DEVELOPMENT_TEAM = 723568ER35;
				GENERATE_INFOPLIST_FILE = YES;
				MARKETING_VERSION = 1.0;
				PRODUCT_BUNDLE_IDENTIFIER = me.williamoconnor.SwordsExpressUITests;
				PRODUCT_NAME = "$(TARGET_NAME)";
				STRING_CATALOG_GENERATE_SYMBOLS = NO;
				SWIFT_APPROACHABLE_CONCURRENCY = YES;
				SWIFT_EMIT_LOC_STRINGS = NO;
				SWIFT_UPCOMING_FEATURE_MEMBER_IMPORT_VISIBILITY = YES;
				SWIFT_VERSION = 5.0;
				TARGETED_DEVICE_FAMILY = "1,2";
				TEST_TARGET_NAME = SwordsExpress;
			};
			name = Debug;
		};
		3D2F84DB2E72C9C300250ABA /* Release */ = {
			isa = XCBuildConfiguration;
			buildSettings = {
				CODE_SIGN_STYLE = Automatic;
				CURRENT_PROJECT_VERSION = 1;
				DEVELOPMENT_TEAM = 723568ER35;
				GENERATE_INFOPLIST_FILE = YES;
				MARKETING_VERSION = 1.0;
				PRODUCT_BUNDLE_IDENTIFIER = me.williamoconnor.SwordsExpressUITests;
				PRODUCT_NAME = "$(TARGET_NAME)";
				STRING_CATALOG_GENERATE_SYMBOLS = NO;
				SWIFT_APPROACHABLE_CONCURRENCY = YES;
				SWIFT_EMIT_LOC_STRINGS = NO;
				SWIFT_UPCOMING_FEATURE_MEMBER_IMPORT_VISIBILITY = YES;
				SWIFT_VERSION = 5.0;
				TARGETED_DEVICE_FAMILY = "1,2";
				TEST_TARGET_NAME = SwordsExpress;
			};
			name = Release;
		};
		3D803F902E7ABD03002919CD /* Debug */ = {
			isa = XCBuildConfiguration;
			buildSettings = {
				ASSETCATALOG_COMPILER_GLOBAL_ACCENT_COLOR_NAME = AccentColor;
				ASSETCATALOG_COMPILER_WIDGET_BACKGROUND_COLOR_NAME = WidgetBackground;
				CODE_SIGN_ENTITLEMENTS = LiveDeparturesExtension.entitlements;
				CODE_SIGN_STYLE = Automatic;
				CURRENT_PROJECT_VERSION = 1;
				DEVELOPMENT_TEAM = 723568ER35;
				GENERATE_INFOPLIST_FILE = YES;
				INFOPLIST_FILE = LiveDepartures/Info.plist;
				INFOPLIST_KEY_CFBundleDisplayName = LiveDepartures;
				INFOPLIST_KEY_NSHumanReadableCopyright = "";
				LD_RUNPATH_SEARCH_PATHS = (
					"$(inherited)",
					"@executable_path/Frameworks",
					"@executable_path/../../Frameworks",
				);
				MARKETING_VERSION = 1.0;
				PRODUCT_BUNDLE_IDENTIFIER = me.williamoconnor.SwordsExpress.LiveDepartures;
				PRODUCT_NAME = "$(TARGET_NAME)";
				SKIP_INSTALL = YES;
				STRING_CATALOG_GENERATE_SYMBOLS = YES;
				SWIFT_APPROACHABLE_CONCURRENCY = YES;
				SWIFT_EMIT_LOC_STRINGS = YES;
				SWIFT_UPCOMING_FEATURE_MEMBER_IMPORT_VISIBILITY = YES;
				SWIFT_VERSION = 5.0;
				TARGETED_DEVICE_FAMILY = "1,2";
			};
			name = Debug;
		};
		3D803F912E7ABD03002919CD /* Release */ = {
			isa = XCBuildConfiguration;
			buildSettings = {
				ASSETCATALOG_COMPILER_GLOBAL_ACCENT_COLOR_NAME = AccentColor;
				ASSETCATALOG_COMPILER_WIDGET_BACKGROUND_COLOR_NAME = WidgetBackground;
				CODE_SIGN_ENTITLEMENTS = LiveDeparturesExtension.entitlements;
				CODE_SIGN_STYLE = Automatic;
				CURRENT_PROJECT_VERSION = 1;
				DEVELOPMENT_TEAM = 723568ER35;
				GENERATE_INFOPLIST_FILE = YES;
				INFOPLIST_FILE = LiveDepartures/Info.plist;
				INFOPLIST_KEY_CFBundleDisplayName = LiveDepartures;
				INFOPLIST_KEY_NSHumanReadableCopyright = "";
				LD_RUNPATH_SEARCH_PATHS = (
					"$(inherited)",
					"@executable_path/Frameworks",
					"@executable_path/../../Frameworks",
				);
				MARKETING_VERSION = 1.0;
				PRODUCT_BUNDLE_IDENTIFIER = me.williamoconnor.SwordsExpress.LiveDepartures;
				PRODUCT_NAME = "$(TARGET_NAME)";
				SKIP_INSTALL = YES;
				STRING_CATALOG_GENERATE_SYMBOLS = YES;
				SWIFT_APPROACHABLE_CONCURRENCY = YES;
				SWIFT_EMIT_LOC_STRINGS = YES;
				SWIFT_UPCOMING_FEATURE_MEMBER_IMPORT_VISIBILITY = YES;
				SWIFT_VERSION = 5.0;
				TARGETED_DEVICE_FAMILY = "1,2";
			};
			name = Release;
		};
/* End XCBuildConfiguration section */

/* Begin XCConfigurationList section */
		3D2F84AB2E72C9C100250ABA /* Build configuration list for PBXProject "SwordsExpress" */ = {
			isa = XCConfigurationList;
			buildConfigurations = (
				3D2F84D12E72C9C300250ABA /* Debug */,
				3D2F84D22E72C9C300250ABA /* Release */,
			);
			defaultConfigurationIsVisible = 0;
			defaultConfigurationName = Release;
		};
		3D2F84D32E72C9C300250ABA /* Build configuration list for PBXNativeTarget "SwordsExpress" */ = {
			isa = XCConfigurationList;
			buildConfigurations = (
				3D2F84D42E72C9C300250ABA /* Debug */,
				3D2F84D52E72C9C300250ABA /* Release */,
			);
			defaultConfigurationIsVisible = 0;
			defaultConfigurationName = Release;
		};
		3D2F84D62E72C9C300250ABA /* Build configuration list for PBXNativeTarget "SwordsExpressTests" */ = {
			isa = XCConfigurationList;
			buildConfigurations = (
				3D2F84D72E72C9C300250ABA /* Debug */,
				3D2F84D82E72C9C300250ABA /* Release */,
			);
			defaultConfigurationIsVisible = 0;
			defaultConfigurationName = Release;
		};
		3D2F84D92E72C9C300250ABA /* Build configuration list for PBXNativeTarget "SwordsExpressUITests" */ = {
			isa = XCConfigurationList;
			buildConfigurations = (
				3D2F84DA2E72C9C300250ABA /* Debug */,
				3D2F84DB2E72C9C300250ABA /* Release */,
			);
			defaultConfigurationIsVisible = 0;
			defaultConfigurationName = Release;
		};
		3D803F922E7ABD03002919CD /* Build configuration list for PBXNativeTarget "LiveDeparturesExtension" */ = {
			isa = XCConfigurationList;
			buildConfigurations = (
				3D803F902E7ABD03002919CD /* Debug */,
				3D803F912E7ABD03002919CD /* Release */,
			);
			defaultConfigurationIsVisible = 0;
			defaultConfigurationName = Release;
		};
/* End XCConfigurationList section */
	};
	rootObject = 3D2F84A82E72C9C100250ABA /* Project object */;
}
